// !$*UTF8*$!
{
	archiveVersion = 1;
	classes = {
	};
	objectVersion = 56;
	objects = {

/* Begin PBXBuildFile section */
		2C2EB5152BCD6BB200CE5AEA /* EditProfileUserViewController.swift in Sources */ = {isa = PBXBuildFile; fileRef = 2C2EB5132BCD6BB200CE5AEA /* EditProfileUserViewController.swift */; };
		2C2EB5172BCD6BD200CE5AEA /* EditProfileUserViewController.storyboard in Resources */ = {isa = PBXBuildFile; fileRef = 2C2EB5162BCD6BD200CE5AEA /* EditProfileUserViewController.storyboard */; };
		2C41B7142BCFFB4E00EF5C38 /* ChatViewController.swift in Sources */ = {isa = PBXBuildFile; fileRef = 2C41B7132BCFFB4E00EF5C38 /* ChatViewController.swift */; };
		2C41B7162BCFFB6500EF5C38 /* ChatViewController.storyboard in Resources */ = {isa = PBXBuildFile; fileRef = 2C41B7152BCFFB6500EF5C38 /* ChatViewController.storyboard */; };
		2C41B71B2BD0066A00EF5C38 /* UserTableViewCell.xib in Resources */ = {isa = PBXBuildFile; fileRef = 2C41B71A2BD0066A00EF5C38 /* UserTableViewCell.xib */; };
		2C41B71C2BD0066A00EF5C38 /* UserTableViewCell.swift in Sources */ = {isa = PBXBuildFile; fileRef = 2C41B7192BD0066A00EF5C38 /* UserTableViewCell.swift */; };
		2C41B71F2BD006B400EF5C38 /* User.swift in Sources */ = {isa = PBXBuildFile; fileRef = 2C41B71E2BD006B400EF5C38 /* User.swift */; };
		2C42D72E2BBA0642007C0289 /* resetPasswordViewController.storyboard in Resources */ = {isa = PBXBuildFile; fileRef = 2C42D72D2BBA0642007C0289 /* resetPasswordViewController.storyboard */; };
		2C42D7302BBA0661007C0289 /* ResetPasswordViewController.swift in Sources */ = {isa = PBXBuildFile; fileRef = 2C42D72F2BBA0661007C0289 /* ResetPasswordViewController.swift */; };
		2C64EBF42BCC0E6B00CBA85F /* ProfileUserViewController.storyboard in Resources */ = {isa = PBXBuildFile; fileRef = 2C64EBF12BCC0E6B00CBA85F /* ProfileUserViewController.storyboard */; };
		2C64EBF52BCC0E6B00CBA85F /* ProfileUserViewController.swift in Sources */ = {isa = PBXBuildFile; fileRef = 2C64EBF22BCC0E6B00CBA85F /* ProfileUserViewController.swift */; };
		2CB3F4E32BAE0B3E009E5E2A /* LoginViewController.storyboard in Resources */ = {isa = PBXBuildFile; fileRef = 2CB3F4E22BAE0B3D009E5E2A /* LoginViewController.storyboard */; };
		2CB3F4E52BAE0B55009E5E2A /* LoginViewController.swift in Sources */ = {isa = PBXBuildFile; fileRef = 2CB3F4E42BAE0B55009E5E2A /* LoginViewController.swift */; };
		2CBD4BDB2BA9C73F0052CD7A /* AppDelegate.swift in Sources */ = {isa = PBXBuildFile; fileRef = 2CBD4BDA2BA9C73F0052CD7A /* AppDelegate.swift */; };
		2CBD4BDD2BA9C73F0052CD7A /* SceneDelegate.swift in Sources */ = {isa = PBXBuildFile; fileRef = 2CBD4BDC2BA9C73F0052CD7A /* SceneDelegate.swift */; };
		2CBD4BDF2BA9C73F0052CD7A /* ViewController.swift in Sources */ = {isa = PBXBuildFile; fileRef = 2CBD4BDE2BA9C73F0052CD7A /* ViewController.swift */; };
		2CBD4BE22BA9C73F0052CD7A /* Base in Resources */ = {isa = PBXBuildFile; fileRef = 2CBD4BE12BA9C73F0052CD7A /* Base */; };
		2CBD4BE42BA9C7410052CD7A /* Assets.xcassets in Resources */ = {isa = PBXBuildFile; fileRef = 2CBD4BE32BA9C7410052CD7A /* Assets.xcassets */; };
		2CBD4BE72BA9C7410052CD7A /* Base in Resources */ = {isa = PBXBuildFile; fileRef = 2CBD4BE62BA9C7410052CD7A /* Base */; };
		2CCF91AA2BD1439F0059BC56 /* NewGroupViewController.swift in Sources */ = {isa = PBXBuildFile; fileRef = 2CCF91A92BD1439F0059BC56 /* NewGroupViewController.swift */; };
		2CCF91AC2BD143B50059BC56 /* NewGroupViewController.storyboard in Resources */ = {isa = PBXBuildFile; fileRef = 2CCF91AB2BD143B50059BC56 /* NewGroupViewController.storyboard */; };
/* End PBXBuildFile section */

/* Begin PBXFileReference section */
		2C2EB5132BCD6BB200CE5AEA /* EditProfileUserViewController.swift */ = {isa = PBXFileReference; fileEncoding = 4; lastKnownFileType = sourcecode.swift; path = EditProfileUserViewController.swift; sourceTree = "<group>"; };
		2C2EB5162BCD6BD200CE5AEA /* EditProfileUserViewController.storyboard */ = {isa = PBXFileReference; fileEncoding = 4; lastKnownFileType = file.storyboard; name = EditProfileUserViewController.storyboard; path = ../../../../.Trash/EditProfileUserViewController.storyboard; sourceTree = "<group>"; };
		2C41B7132BCFFB4E00EF5C38 /* ChatViewController.swift */ = {isa = PBXFileReference; lastKnownFileType = sourcecode.swift; path = ChatViewController.swift; sourceTree = "<group>"; };
		2C41B7152BCFFB6500EF5C38 /* ChatViewController.storyboard */ = {isa = PBXFileReference; lastKnownFileType = file.storyboard; path = ChatViewController.storyboard; sourceTree = "<group>"; };
		2C41B7192BD0066A00EF5C38 /* UserTableViewCell.swift */ = {isa = PBXFileReference; lastKnownFileType = sourcecode.swift; path = UserTableViewCell.swift; sourceTree = "<group>"; };
		2C41B71A2BD0066A00EF5C38 /* UserTableViewCell.xib */ = {isa = PBXFileReference; lastKnownFileType = file.xib; path = UserTableViewCell.xib; sourceTree = "<group>"; };
		2C41B71E2BD006B400EF5C38 /* User.swift */ = {isa = PBXFileReference; lastKnownFileType = sourcecode.swift; path = User.swift; sourceTree = "<group>"; };
		2C42D72D2BBA0642007C0289 /* resetPasswordViewController.storyboard */ = {isa = PBXFileReference; lastKnownFileType = file.storyboard; path = resetPasswordViewController.storyboard; sourceTree = "<group>"; };
		2C42D72F2BBA0661007C0289 /* ResetPasswordViewController.swift */ = {isa = PBXFileReference; lastKnownFileType = sourcecode.swift; path = ResetPasswordViewController.swift; sourceTree = "<group>"; };
		2C64EBF12BCC0E6B00CBA85F /* ProfileUserViewController.storyboard */ = {isa = PBXFileReference; fileEncoding = 4; lastKnownFileType = file.storyboard; path = ProfileUserViewController.storyboard; sourceTree = "<group>"; };
		2C64EBF22BCC0E6B00CBA85F /* ProfileUserViewController.swift */ = {isa = PBXFileReference; fileEncoding = 4; lastKnownFileType = sourcecode.swift; path = ProfileUserViewController.swift; sourceTree = "<group>"; };
		2CB3F4E22BAE0B3D009E5E2A /* LoginViewController.storyboard */ = {isa = PBXFileReference; lastKnownFileType = file.storyboard; path = LoginViewController.storyboard; sourceTree = "<group>"; };
		2CB3F4E42BAE0B55009E5E2A /* LoginViewController.swift */ = {isa = PBXFileReference; lastKnownFileType = sourcecode.swift; path = LoginViewController.swift; sourceTree = "<group>"; };
		2CBD4BD72BA9C73F0052CD7A /* appRunClub.app */ = {isa = PBXFileReference; explicitFileType = wrapper.application; includeInIndex = 0; path = appRunClub.app; sourceTree = BUILT_PRODUCTS_DIR; };
		2CBD4BDA2BA9C73F0052CD7A /* AppDelegate.swift */ = {isa = PBXFileReference; lastKnownFileType = sourcecode.swift; path = AppDelegate.swift; sourceTree = "<group>"; };
		2CBD4BDC2BA9C73F0052CD7A /* SceneDelegate.swift */ = {isa = PBXFileReference; lastKnownFileType = sourcecode.swift; path = SceneDelegate.swift; sourceTree = "<group>"; };
		2CBD4BDE2BA9C73F0052CD7A /* ViewController.swift */ = {isa = PBXFileReference; lastKnownFileType = sourcecode.swift; path = ViewController.swift; sourceTree = "<group>"; };
		2CBD4BE12BA9C73F0052CD7A /* Base */ = {isa = PBXFileReference; lastKnownFileType = file.storyboard; name = Base; path = Base.lproj/Main.storyboard; sourceTree = "<group>"; };
		2CBD4BE32BA9C7410052CD7A /* Assets.xcassets */ = {isa = PBXFileReference; lastKnownFileType = folder.assetcatalog; path = Assets.xcassets; sourceTree = "<group>"; };
		2CBD4BE62BA9C7410052CD7A /* Base */ = {isa = PBXFileReference; lastKnownFileType = file.storyboard; name = Base; path = Base.lproj/LaunchScreen.storyboard; sourceTree = "<group>"; };
		2CBD4BE82BA9C7410052CD7A /* Info.plist */ = {isa = PBXFileReference; lastKnownFileType = text.plist.xml; path = Info.plist; sourceTree = "<group>"; };
		2CCF91A92BD1439F0059BC56 /* NewGroupViewController.swift */ = {isa = PBXFileReference; lastKnownFileType = sourcecode.swift; path = NewGroupViewController.swift; sourceTree = "<group>"; };
		2CCF91AB2BD143B50059BC56 /* NewGroupViewController.storyboard */ = {isa = PBXFileReference; lastKnownFileType = file.storyboard; path = NewGroupViewController.storyboard; sourceTree = "<group>"; };
/* End PBXFileReference section */

/* Begin PBXFrameworksBuildPhase section */
		2CBD4BD42BA9C73F0052CD7A /* Frameworks */ = {
			isa = PBXFrameworksBuildPhase;
			buildActionMask = 2147483647;
			files = (
			);
			runOnlyForDeploymentPostprocessing = 0;
		};
/* End PBXFrameworksBuildPhase section */

/* Begin PBXGroup section */
		2C2EB5142BCD6BB200CE5AEA /* EditProfileUser */ = {
			isa = PBXGroup;
			children = (
				2C2EB5162BCD6BD200CE5AEA /* EditProfileUserViewController.storyboard */,
				2C2EB5132BCD6BB200CE5AEA /* EditProfileUserViewController.swift */,
			);
			name = EditProfileUser;
			path = "../../../Mentoria-Swift/testAppRunClub/testAppRunClub/EditProfileUser";
			sourceTree = "<group>";
		};
		2C41B7122BCFFB2A00EF5C38 /* Chat */ = {
			isa = PBXGroup;
			children = (
				2C41B7132BCFFB4E00EF5C38 /* ChatViewController.swift */,
				2C41B7152BCFFB6500EF5C38 /* ChatViewController.storyboard */,
				2C41B7172BD0061A00EF5C38 /* Cell */,
			);
			path = Chat;
			sourceTree = "<group>";
		};
		2C41B7172BD0061A00EF5C38 /* Cell */ = {
			isa = PBXGroup;
			children = (
				2C41B7182BD0062300EF5C38 /* User */,
			);
			path = Cell;
			sourceTree = "<group>";
		};
		2C41B7182BD0062300EF5C38 /* User */ = {
			isa = PBXGroup;
			children = (
				2C41B7192BD0066A00EF5C38 /* UserTableViewCell.swift */,
				2C41B71A2BD0066A00EF5C38 /* UserTableViewCell.xib */,
			);
			path = User;
			sourceTree = "<group>";
		};
		2C41B71D2BD0069F00EF5C38 /* Model */ = {
			isa = PBXGroup;
			children = (
				2C41B71E2BD006B400EF5C38 /* User.swift */,
			);
			path = Model;
			sourceTree = "<group>";
		};
		2C42D72C2BBA0619007C0289 /* ResetPassword */ = {
			isa = PBXGroup;
			children = (
				2C42D72D2BBA0642007C0289 /* resetPasswordViewController.storyboard */,
				2C42D72F2BBA0661007C0289 /* ResetPasswordViewController.swift */,
			);
			path = ResetPassword;
			sourceTree = "<group>";
		};
		2C64EBF32BCC0E6B00CBA85F /* ProfileUser */ = {
			isa = PBXGroup;
			children = (
				2C64EBF12BCC0E6B00CBA85F /* ProfileUserViewController.storyboard */,
				2C64EBF22BCC0E6B00CBA85F /* ProfileUserViewController.swift */,
			);
			path = ProfileUser;
			sourceTree = "<group>";
		};
		2CB3F4DF2BAE09A2009E5E2A /* Resource */ = {
			isa = PBXGroup;
			children = (
				2CBD4BDA2BA9C73F0052CD7A /* AppDelegate.swift */,
				2CBD4BDC2BA9C73F0052CD7A /* SceneDelegate.swift */,
				2CBD4BE32BA9C7410052CD7A /* Assets.xcassets */,
				2CBD4BE52BA9C7410052CD7A /* LaunchScreen.storyboard */,
			);
			path = Resource;
			sourceTree = "<group>";
		};
		2CB3F4E02BAE0A9E009E5E2A /* Welcome */ = {
			isa = PBXGroup;
			children = (
				2CBD4BDE2BA9C73F0052CD7A /* ViewController.swift */,
				2CBD4BE02BA9C73F0052CD7A /* Main.storyboard */,
			);
			path = Welcome;
			sourceTree = "<group>";
		};
		2CB3F4E12BAE0B28009E5E2A /* Login */ = {
			isa = PBXGroup;
			children = (
				2CB3F4E22BAE0B3D009E5E2A /* LoginViewController.storyboard */,
				2CB3F4E42BAE0B55009E5E2A /* LoginViewController.swift */,
			);
			path = Login;
			sourceTree = "<group>";
		};
		2CBD4BCE2BA9C73F0052CD7A = {
			isa = PBXGroup;
			children = (
				2CBD4BD92BA9C73F0052CD7A /* appRunClub */,
				2CBD4BD82BA9C73F0052CD7A /* Products */,
			);
			sourceTree = "<group>";
		};
		2CBD4BD82BA9C73F0052CD7A /* Products */ = {
			isa = PBXGroup;
			children = (
				2CBD4BD72BA9C73F0052CD7A /* appRunClub.app */,
			);
			name = Products;
			sourceTree = "<group>";
		};
		2CBD4BD92BA9C73F0052CD7A /* appRunClub */ = {
			isa = PBXGroup;
			children = (
				2C41B71D2BD0069F00EF5C38 /* Model */,
				2CCF91A82BD143790059BC56 /* newGroup */,
				2C41B7122BCFFB2A00EF5C38 /* Chat */,
				2C2EB5142BCD6BB200CE5AEA /* EditProfileUser */,
				2C64EBF32BCC0E6B00CBA85F /* ProfileUser */,
				2C42D72C2BBA0619007C0289 /* ResetPassword */,
				2CB3F4E12BAE0B28009E5E2A /* Login */,
				2CB3F4E02BAE0A9E009E5E2A /* Welcome */,
				2CB3F4DF2BAE09A2009E5E2A /* Resource */,
				2CBD4BE82BA9C7410052CD7A /* Info.plist */,
			);
			path = appRunClub;
			sourceTree = "<group>";
		};
		2CCF91A82BD143790059BC56 /* newGroup */ = {
			isa = PBXGroup;
			children = (
				2CCF91A92BD1439F0059BC56 /* NewGroupViewController.swift */,
				2CCF91AB2BD143B50059BC56 /* NewGroupViewController.storyboard */,
			);
			path = newGroup;
			sourceTree = "<group>";
		};
/* End PBXGroup section */

/* Begin PBXNativeTarget section */
		2CBD4BD62BA9C73F0052CD7A /* appRunClub */ = {
			isa = PBXNativeTarget;
			buildConfigurationList = 2CBD4BEB2BA9C7410052CD7A /* Build configuration list for PBXNativeTarget "appRunClub" */;
			buildPhases = (
				2CBD4BD32BA9C73F0052CD7A /* Sources */,
				2CBD4BD42BA9C73F0052CD7A /* Frameworks */,
				2CBD4BD52BA9C73F0052CD7A /* Resources */,
			);
			buildRules = (
			);
			dependencies = (
			);
			name = appRunClub;
			productName = appRunClub;
			productReference = 2CBD4BD72BA9C73F0052CD7A /* appRunClub.app */;
			productType = "com.apple.product-type.application";
		};
/* End PBXNativeTarget section */

/* Begin PBXProject section */
		2CBD4BCF2BA9C73F0052CD7A /* Project object */ = {
			isa = PBXProject;
			attributes = {
				BuildIndependentTargetsInParallel = 1;
				LastSwiftUpdateCheck = 1530;
				LastUpgradeCheck = 1530;
				TargetAttributes = {
					2CBD4BD62BA9C73F0052CD7A = {
						CreatedOnToolsVersion = 15.3;
					};
				};
			};
			buildConfigurationList = 2CBD4BD22BA9C73F0052CD7A /* Build configuration list for PBXProject "appRunClub" */;
			compatibilityVersion = "Xcode 14.0";
			developmentRegion = en;
			hasScannedForEncodings = 0;
			knownRegions = (
				en,
				Base,
			);
			mainGroup = 2CBD4BCE2BA9C73F0052CD7A;
			productRefGroup = 2CBD4BD82BA9C73F0052CD7A /* Products */;
			projectDirPath = "";
			projectRoot = "";
			targets = (
				2CBD4BD62BA9C73F0052CD7A /* appRunClub */,
			);
		};
/* End PBXProject section */

/* Begin PBXResourcesBuildPhase section */
		2CBD4BD52BA9C73F0052CD7A /* Resources */ = {
			isa = PBXResourcesBuildPhase;
			buildActionMask = 2147483647;
			files = (
				2C2EB5172BCD6BD200CE5AEA /* EditProfileUserViewController.storyboard in Resources */,
				2CBD4BE42BA9C7410052CD7A /* Assets.xcassets in Resources */,
				2CB3F4E32BAE0B3E009E5E2A /* LoginViewController.storyboard in Resources */,
				2C41B7162BCFFB6500EF5C38 /* ChatViewController.storyboard in Resources */,
				2C64EBF42BCC0E6B00CBA85F /* ProfileUserViewController.storyboard in Resources */,
				2CBD4BE72BA9C7410052CD7A /* Base in Resources */,
				2CBD4BE22BA9C73F0052CD7A /* Base in Resources */,
				2C41B71B2BD0066A00EF5C38 /* UserTableViewCell.xib in Resources */,
				2CCF91AC2BD143B50059BC56 /* NewGroupViewController.storyboard in Resources */,
				2C42D72E2BBA0642007C0289 /* resetPasswordViewController.storyboard in Resources */,
			);
			runOnlyForDeploymentPostprocessing = 0;
		};
/* End PBXResourcesBuildPhase section */

/* Begin PBXSourcesBuildPhase section */
		2CBD4BD32BA9C73F0052CD7A /* Sources */ = {
			isa = PBXSourcesBuildPhase;
			buildActionMask = 2147483647;
			files = (
				2CB3F4E52BAE0B55009E5E2A /* LoginViewController.swift in Sources */,
				2C41B71C2BD0066A00EF5C38 /* UserTableViewCell.swift in Sources */,
				2C2EB5152BCD6BB200CE5AEA /* EditProfileUserViewController.swift in Sources */,
				2C41B7142BCFFB4E00EF5C38 /* ChatViewController.swift in Sources */,
				2CBD4BDF2BA9C73F0052CD7A /* ViewController.swift in Sources */,
				2C42D7302BBA0661007C0289 /* ResetPasswordViewController.swift in Sources */,
				2CCF91AA2BD1439F0059BC56 /* NewGroupViewController.swift in Sources */,
				2C64EBF52BCC0E6B00CBA85F /* ProfileUserViewController.swift in Sources */,
				2CBD4BDB2BA9C73F0052CD7A /* AppDelegate.swift in Sources */,
				2C41B71F2BD006B400EF5C38 /* User.swift in Sources */,
				2CBD4BDD2BA9C73F0052CD7A /* SceneDelegate.swift in Sources */,
			);
			runOnlyForDeploymentPostprocessing = 0;
		};
/* End PBXSourcesBuildPhase section */

/* Begin PBXVariantGroup section */
		2CBD4BE02BA9C73F0052CD7A /* Main.storyboard */ = {
			isa = PBXVariantGroup;
			children = (
				2CBD4BE12BA9C73F0052CD7A /* Base */,
			);
			name = Main.storyboard;
			sourceTree = "<group>";
		};
		2CBD4BE52BA9C7410052CD7A /* LaunchScreen.storyboard */ = {
			isa = PBXVariantGroup;
			children = (
				2CBD4BE62BA9C7410052CD7A /* Base */,
			);
			name = LaunchScreen.storyboard;
			sourceTree = "<group>";
		};
/* End PBXVariantGroup section */

/* Begin XCBuildConfiguration section */
		2CBD4BE92BA9C7410052CD7A /* Debug */ = {
			isa = XCBuildConfiguration;
			buildSettings = {
				ALWAYS_SEARCH_USER_PATHS = NO;
				ASSETCATALOG_COMPILER_GENERATE_SWIFT_ASSET_SYMBOL_EXTENSIONS = YES;
				CLANG_ANALYZER_NONNULL = YES;
				CLANG_ANALYZER_NUMBER_OBJECT_CONVERSION = YES_AGGRESSIVE;
				CLANG_CXX_LANGUAGE_STANDARD = "gnu++20";
				CLANG_ENABLE_MODULES = YES;
				CLANG_ENABLE_OBJC_ARC = YES;
				CLANG_ENABLE_OBJC_WEAK = YES;
				CLANG_WARN_BLOCK_CAPTURE_AUTORELEASING = YES;
				CLANG_WARN_BOOL_CONVERSION = YES;
				CLANG_WARN_COMMA = YES;
				CLANG_WARN_CONSTANT_CONVERSION = YES;
				CLANG_WARN_DEPRECATED_OBJC_IMPLEMENTATIONS = YES;
				CLANG_WARN_DIRECT_OBJC_ISA_USAGE = YES_ERROR;
				CLANG_WARN_DOCUMENTATION_COMMENTS = YES;
				CLANG_WARN_EMPTY_BODY = YES;
				CLANG_WARN_ENUM_CONVERSION = YES;
				CLANG_WARN_INFINITE_RECURSION = YES;
				CLANG_WARN_INT_CONVERSION = YES;
				CLANG_WARN_NON_LITERAL_NULL_CONVERSION = YES;
				CLANG_WARN_OBJC_IMPLICIT_RETAIN_SELF = YES;
				CLANG_WARN_OBJC_LITERAL_CONVERSION = YES;
				CLANG_WARN_OBJC_ROOT_CLASS = YES_ERROR;
				CLANG_WARN_QUOTED_INCLUDE_IN_FRAMEWORK_HEADER = YES;
				CLANG_WARN_RANGE_LOOP_ANALYSIS = YES;
				CLANG_WARN_STRICT_PROTOTYPES = YES;
				CLANG_WARN_SUSPICIOUS_MOVE = YES;
				CLANG_WARN_UNGUARDED_AVAILABILITY = YES_AGGRESSIVE;
				CLANG_WARN_UNREACHABLE_CODE = YES;
				CLANG_WARN__DUPLICATE_METHOD_MATCH = YES;
				COPY_PHASE_STRIP = NO;
				DEBUG_INFORMATION_FORMAT = dwarf;
				ENABLE_STRICT_OBJC_MSGSEND = YES;
				ENABLE_TESTABILITY = YES;
				ENABLE_USER_SCRIPT_SANDBOXING = YES;
				GCC_C_LANGUAGE_STANDARD = gnu17;
				GCC_DYNAMIC_NO_PIC = NO;
				GCC_NO_COMMON_BLOCKS = YES;
				GCC_OPTIMIZATION_LEVEL = 0;
				GCC_PREPROCESSOR_DEFINITIONS = (
					"DEBUG=1",
					"$(inherited)",
				);
				GCC_WARN_64_TO_32_BIT_CONVERSION = YES;
				GCC_WARN_ABOUT_RETURN_TYPE = YES_ERROR;
				GCC_WARN_UNDECLARED_SELECTOR = YES;
				GCC_WARN_UNINITIALIZED_AUTOS = YES_AGGRESSIVE;
				GCC_WARN_UNUSED_FUNCTION = YES;
				GCC_WARN_UNUSED_VARIABLE = YES;
				IPHONEOS_DEPLOYMENT_TARGET = 17.4;
				LOCALIZATION_PREFERS_STRING_CATALOGS = YES;
				MTL_ENABLE_DEBUG_INFO = INCLUDE_SOURCE;
				MTL_FAST_MATH = YES;
				ONLY_ACTIVE_ARCH = YES;
				SDKROOT = iphoneos;
				SWIFT_ACTIVE_COMPILATION_CONDITIONS = "DEBUG $(inherited)";
				SWIFT_OPTIMIZATION_LEVEL = "-Onone";
			};
			name = Debug;
		};
		2CBD4BEA2BA9C7410052CD7A /* Release */ = {
			isa = XCBuildConfiguration;
			buildSettings = {
				ALWAYS_SEARCH_USER_PATHS = NO;
				ASSETCATALOG_COMPILER_GENERATE_SWIFT_ASSET_SYMBOL_EXTENSIONS = YES;
				CLANG_ANALYZER_NONNULL = YES;
				CLANG_ANALYZER_NUMBER_OBJECT_CONVERSION = YES_AGGRESSIVE;
				CLANG_CXX_LANGUAGE_STANDARD = "gnu++20";
				CLANG_ENABLE_MODULES = YES;
				CLANG_ENABLE_OBJC_ARC = YES;
				CLANG_ENABLE_OBJC_WEAK = YES;
				CLANG_WARN_BLOCK_CAPTURE_AUTORELEASING = YES;
				CLANG_WARN_BOOL_CONVERSION = YES;
				CLANG_WARN_COMMA = YES;
				CLANG_WARN_CONSTANT_CONVERSION = YES;
				CLANG_WARN_DEPRECATED_OBJC_IMPLEMENTATIONS = YES;
				CLANG_WARN_DIRECT_OBJC_ISA_USAGE = YES_ERROR;
				CLANG_WARN_DOCUMENTATION_COMMENTS = YES;
				CLANG_WARN_EMPTY_BODY = YES;
				CLANG_WARN_ENUM_CONVERSION = YES;
				CLANG_WARN_INFINITE_RECURSION = YES;
				CLANG_WARN_INT_CONVERSION = YES;
				CLANG_WARN_NON_LITERAL_NULL_CONVERSION = YES;
				CLANG_WARN_OBJC_IMPLICIT_RETAIN_SELF = YES;
				CLANG_WARN_OBJC_LITERAL_CONVERSION = YES;
				CLANG_WARN_OBJC_ROOT_CLASS = YES_ERROR;
				CLANG_WARN_QUOTED_INCLUDE_IN_FRAMEWORK_HEADER = YES;
				CLANG_WARN_RANGE_LOOP_ANALYSIS = YES;
				CLANG_WARN_STRICT_PROTOTYPES = YES;
				CLANG_WARN_SUSPICIOUS_MOVE = YES;
				CLANG_WARN_UNGUARDED_AVAILABILITY = YES_AGGRESSIVE;
				CLANG_WARN_UNREACHABLE_CODE = YES;
				CLANG_WARN__DUPLICATE_METHOD_MATCH = YES;
				COPY_PHASE_STRIP = NO;
				DEBUG_INFORMATION_FORMAT = "dwarf-with-dsym";
				ENABLE_NS_ASSERTIONS = NO;
				ENABLE_STRICT_OBJC_MSGSEND = YES;
				ENABLE_USER_SCRIPT_SANDBOXING = YES;
				GCC_C_LANGUAGE_STANDARD = gnu17;
				GCC_NO_COMMON_BLOCKS = YES;
				GCC_WARN_64_TO_32_BIT_CONVERSION = YES;
				GCC_WARN_ABOUT_RETURN_TYPE = YES_ERROR;
				GCC_WARN_UNDECLARED_SELECTOR = YES;
				GCC_WARN_UNINITIALIZED_AUTOS = YES_AGGRESSIVE;
				GCC_WARN_UNUSED_FUNCTION = YES;
				GCC_WARN_UNUSED_VARIABLE = YES;
				IPHONEOS_DEPLOYMENT_TARGET = 17.4;
				LOCALIZATION_PREFERS_STRING_CATALOGS = YES;
				MTL_ENABLE_DEBUG_INFO = NO;
				MTL_FAST_MATH = YES;
				SDKROOT = iphoneos;
				SWIFT_COMPILATION_MODE = wholemodule;
				VALIDATE_PRODUCT = YES;
			};
			name = Release;
		};
		2CBD4BEC2BA9C7410052CD7A /* Debug */ = {
			isa = XCBuildConfiguration;
			buildSettings = {
				ASSETCATALOG_COMPILER_APPICON_NAME = AppIcon;
				ASSETCATALOG_COMPILER_GLOBAL_ACCENT_COLOR_NAME = AccentColor;
				CODE_SIGN_STYLE = Automatic;
				CURRENT_PROJECT_VERSION = 1;
				GENERATE_INFOPLIST_FILE = YES;
				INFOPLIST_FILE = appRunClub/Info.plist;
				INFOPLIST_KEY_UIApplicationSupportsIndirectInputEvents = YES;
				INFOPLIST_KEY_UILaunchStoryboardName = LaunchScreen;
				INFOPLIST_KEY_UIMainStoryboardFile = Main;
				INFOPLIST_KEY_UISupportedInterfaceOrientations_iPad = "UIInterfaceOrientationPortrait UIInterfaceOrientationPortraitUpsideDown UIInterfaceOrientationLandscapeLeft UIInterfaceOrientationLandscapeRight";
				INFOPLIST_KEY_UISupportedInterfaceOrientations_iPhone = "UIInterfaceOrientationPortrait UIInterfaceOrientationLandscapeLeft UIInterfaceOrientationLandscapeRight";
				LD_RUNPATH_SEARCH_PATHS = (
					"$(inherited)",
					"@executable_path/Frameworks",
				);
				MARKETING_VERSION = 1.0;
				PRODUCT_BUNDLE_IDENTIFIER = com.your.nathalia.appRunClub;
				PRODUCT_NAME = "$(TARGET_NAME)";
				SWIFT_EMIT_LOC_STRINGS = YES;
				SWIFT_VERSION = 5.0;
				TARGETED_DEVICE_FAMILY = "1,2";
			};
			name = Debug;
		};
		2CBD4BED2BA9C7410052CD7A /* Release */ = {
			isa = XCBuildConfiguration;
			buildSettings = {
				ASSETCATALOG_COMPILER_APPICON_NAME = AppIcon;
				ASSETCATALOG_COMPILER_GLOBAL_ACCENT_COLOR_NAME = AccentColor;
				CODE_SIGN_STYLE = Automatic;
				CURRENT_PROJECT_VERSION = 1;
				GENERATE_INFOPLIST_FILE = YES;
				INFOPLIST_FILE = appRunClub/Info.plist;
				INFOPLIST_KEY_UIApplicationSupportsIndirectInputEvents = YES;
				INFOPLIST_KEY_UILaunchStoryboardName = LaunchScreen;
				INFOPLIST_KEY_UIMainStoryboardFile = Main;
				INFOPLIST_KEY_UISupportedInterfaceOrientations_iPad = "UIInterfaceOrientationPortrait UIInterfaceOrientationPortraitUpsideDown UIInterfaceOrientationLandscapeLeft UIInterfaceOrientationLandscapeRight";
				INFOPLIST_KEY_UISupportedInterfaceOrientations_iPhone = "UIInterfaceOrientationPortrait UIInterfaceOrientationLandscapeLeft UIInterfaceOrientationLandscapeRight";
				LD_RUNPATH_SEARCH_PATHS = (
					"$(inherited)",
					"@executable_path/Frameworks",
				);
				MARKETING_VERSION = 1.0;
				PRODUCT_BUNDLE_IDENTIFIER = com.your.nathalia.appRunClub;
				PRODUCT_NAME = "$(TARGET_NAME)";
				SWIFT_EMIT_LOC_STRINGS = YES;
				SWIFT_VERSION = 5.0;
				TARGETED_DEVICE_FAMILY = "1,2";
			};
			name = Release;
		};
/* End XCBuildConfiguration section */

/* Begin XCConfigurationList section */
		2CBD4BD22BA9C73F0052CD7A /* Build configuration list for PBXProject "appRunClub" */ = {
			isa = XCConfigurationList;
			buildConfigurations = (
				2CBD4BE92BA9C7410052CD7A /* Debug */,
				2CBD4BEA2BA9C7410052CD7A /* Release */,
			);
			defaultConfigurationIsVisible = 0;
			defaultConfigurationName = Release;
		};
		2CBD4BEB2BA9C7410052CD7A /* Build configuration list for PBXNativeTarget "appRunClub" */ = {
			isa = XCConfigurationList;
			buildConfigurations = (
				2CBD4BEC2BA9C7410052CD7A /* Debug */,
				2CBD4BED2BA9C7410052CD7A /* Release */,
			);
			defaultConfigurationIsVisible = 0;
			defaultConfigurationName = Release;
		};
/* End XCConfigurationList section */
	};
	rootObject = 2CBD4BCF2BA9C73F0052CD7A /* Project object */;
}
