// !$*UTF8*$!
{
	archiveVersion = 1;
	classes = {
	};
	objectVersion = 56;
	objects = {

/* Begin PBXBuildFile section */
		2C12E7062BD80A1F002A87EB /* ViewPhotosViewController.swift in Sources */ = {isa = PBXBuildFile; fileRef = 2C12E7052BD80A1F002A87EB /* ViewPhotosViewController.swift */; };
		2C12E7082BD80A32002A87EB /* ViewPhotosViewController.storyboard in Resources */ = {isa = PBXBuildFile; fileRef = 2C12E7072BD80A32002A87EB /* ViewPhotosViewController.storyboard */; };
		2C12E7172BD83A0C002A87EB /* TabBarController.swift in Sources */ = {isa = PBXBuildFile; fileRef = 2C12E7162BD83A0C002A87EB /* TabBarController.swift */; };
		2C12E7192BD83A20002A87EB /* TabBarController.storyboard in Resources */ = {isa = PBXBuildFile; fileRef = 2C12E7182BD83A20002A87EB /* TabBarController.storyboard */; };
		2C171B6E2BD7475F00E66113 /* CustomGroupViewController.swift in Sources */ = {isa = PBXBuildFile; fileRef = 2C171B6D2BD7475F00E66113 /* CustomGroupViewController.swift */; };
		2C171B702BD7477C00E66113 /* CustomGroupViewController.storyboard in Resources */ = {isa = PBXBuildFile; fileRef = 2C171B6F2BD7477C00E66113 /* CustomGroupViewController.storyboard */; };
		2C171B732BD74E3C00E66113 /* CommunityGroupViewController.swift in Sources */ = {isa = PBXBuildFile; fileRef = 2C171B722BD74E3C00E66113 /* CommunityGroupViewController.swift */; };
		2C171B752BD74E5F00E66113 /* CommunityGroupViewController.storyboard in Resources */ = {isa = PBXBuildFile; fileRef = 2C171B742BD74E5F00E66113 /* CommunityGroupViewController.storyboard */; };
		2C41B7142BCFFB4E00EF5C38 /* ChatViewController.swift in Sources */ = {isa = PBXBuildFile; fileRef = 2C41B7132BCFFB4E00EF5C38 /* ChatViewController.swift */; };
		2C41B7162BCFFB6500EF5C38 /* ChatViewController.storyboard in Resources */ = {isa = PBXBuildFile; fileRef = 2C41B7152BCFFB6500EF5C38 /* ChatViewController.storyboard */; };
		2C41B71B2BD0066A00EF5C38 /* UserTableViewCell.xib in Resources */ = {isa = PBXBuildFile; fileRef = 2C41B71A2BD0066A00EF5C38 /* UserTableViewCell.xib */; };
		2C41B71C2BD0066A00EF5C38 /* UserTableViewCell.swift in Sources */ = {isa = PBXBuildFile; fileRef = 2C41B7192BD0066A00EF5C38 /* UserTableViewCell.swift */; };
		2C41B71F2BD006B400EF5C38 /* User.swift in Sources */ = {isa = PBXBuildFile; fileRef = 2C41B71E2BD006B400EF5C38 /* User.swift */; };
		2C42D72E2BBA0642007C0289 /* ResetPasswordViewController.storyboard in Resources */ = {isa = PBXBuildFile; fileRef = 2C42D72D2BBA0642007C0289 /* ResetPasswordViewController.storyboard */; };
		2C42D7302BBA0661007C0289 /* ResetPasswordViewController.swift in Sources */ = {isa = PBXBuildFile; fileRef = 2C42D72F2BBA0661007C0289 /* ResetPasswordViewController.swift */; };
		2C5BB7182BEA6490004C5566 /* EditProfileUserViewController.storyboard in Resources */ = {isa = PBXBuildFile; fileRef = 2C5BB7152BEA648F004C5566 /* EditProfileUserViewController.storyboard */; };
		2C5BB7192BEA6490004C5566 /* EditProfileUserViewController.swift in Sources */ = {isa = PBXBuildFile; fileRef = 2C5BB7162BEA648F004C5566 /* EditProfileUserViewController.swift */; };
		2C5CBE582C0FAB7A0095EBD4 /* Message.swift in Sources */ = {isa = PBXBuildFile; fileRef = 2C5CBE572C0FAB7A0095EBD4 /* Message.swift */; };
		2C5CBE6A2C0FEBD10095EBD4 /* IncomingTextMessageTableViewCell.swift in Sources */ = {isa = PBXBuildFile; fileRef = 2C5CBE692C0FEBD10095EBD4 /* IncomingTextMessageTableViewCell.swift */; };
		2C5CBE6C2C0FEBEF0095EBD4 /* OutgoingTextMessageTableViewCell.swift in Sources */ = {isa = PBXBuildFile; fileRef = 2C5CBE6B2C0FEBEF0095EBD4 /* OutgoingTextMessageTableViewCell.swift */; };
		2C61AA022BFCF0AC0028BE55 /* GoogleService-Info.plist in Resources */ = {isa = PBXBuildFile; fileRef = 2C61AA012BFCF0AC0028BE55 /* GoogleService-Info.plist */; };
		2C61AA052BFCF2A80028BE55 /* GoogleSignIn in Frameworks */ = {isa = PBXBuildFile; productRef = 2C61AA042BFCF2A80028BE55 /* GoogleSignIn */; };
		2C61AA072BFCF2A80028BE55 /* GoogleSignInSwift in Frameworks */ = {isa = PBXBuildFile; productRef = 2C61AA062BFCF2A80028BE55 /* GoogleSignInSwift */; };
		2C64EBF42BCC0E6B00CBA85F /* ProfileUserViewController.storyboard in Resources */ = {isa = PBXBuildFile; fileRef = 2C64EBF12BCC0E6B00CBA85F /* ProfileUserViewController.storyboard */; };
		2C64EBF52BCC0E6B00CBA85F /* ProfileUserViewController.swift in Sources */ = {isa = PBXBuildFile; fileRef = 2C64EBF22BCC0E6B00CBA85F /* ProfileUserViewController.swift */; };
		2CAD7C182BD198C10006BCEE /* ContactsTableViewCell.swift in Sources */ = {isa = PBXBuildFile; fileRef = 2CAD7C162BD198C10006BCEE /* ContactsTableViewCell.swift */; };
		2CAD7C192BD198C10006BCEE /* ContactsTableViewCell.xib in Resources */ = {isa = PBXBuildFile; fileRef = 2CAD7C172BD198C10006BCEE /* ContactsTableViewCell.xib */; };
		2CAD7C1B2BD1995C0006BCEE /* Contacts.swift in Sources */ = {isa = PBXBuildFile; fileRef = 2CAD7C1A2BD1995C0006BCEE /* Contacts.swift */; };
		2CB3F4E32BAE0B3E009E5E2A /* LoginViewController.storyboard in Resources */ = {isa = PBXBuildFile; fileRef = 2CB3F4E22BAE0B3D009E5E2A /* LoginViewController.storyboard */; };
		2CB3F4E52BAE0B55009E5E2A /* LoginViewController.swift in Sources */ = {isa = PBXBuildFile; fileRef = 2CB3F4E42BAE0B55009E5E2A /* LoginViewController.swift */; };
		2CBD4BDB2BA9C73F0052CD7A /* AppDelegate.swift in Sources */ = {isa = PBXBuildFile; fileRef = 2CBD4BDA2BA9C73F0052CD7A /* AppDelegate.swift */; };
		2CBD4BDD2BA9C73F0052CD7A /* SceneDelegate.swift in Sources */ = {isa = PBXBuildFile; fileRef = 2CBD4BDC2BA9C73F0052CD7A /* SceneDelegate.swift */; };
		2CBD4BDF2BA9C73F0052CD7A /* ViewController.swift in Sources */ = {isa = PBXBuildFile; fileRef = 2CBD4BDE2BA9C73F0052CD7A /* ViewController.swift */; };
		2CBD4BE22BA9C73F0052CD7A /* Base in Resources */ = {isa = PBXBuildFile; fileRef = 2CBD4BE12BA9C73F0052CD7A /* Base */; };
		2CBD4BE42BA9C7410052CD7A /* Assets.xcassets in Resources */ = {isa = PBXBuildFile; fileRef = 2CBD4BE32BA9C7410052CD7A /* Assets.xcassets */; };
		2CBD4BE72BA9C7410052CD7A /* Base in Resources */ = {isa = PBXBuildFile; fileRef = 2CBD4BE62BA9C7410052CD7A /* Base */; };
		2CC0A6FA2C109BD600D20B46 /* UIFont+Extension.swift in Sources */ = {isa = PBXBuildFile; fileRef = 2CC0A6F92C109BD600D20B46 /* UIFont+Extension.swift */; };
		2CC0A6FC2C109DFF00D20B46 /* UIButton+Extension.swift in Sources */ = {isa = PBXBuildFile; fileRef = 2CC0A6FB2C109DFF00D20B46 /* UIButton+Extension.swift */; };
		2CC0A6FE2C109EAA00D20B46 /* String+Extension.swift in Sources */ = {isa = PBXBuildFile; fileRef = 2CC0A6FD2C109EAA00D20B46 /* String+Extension.swift */; };
		2CCF91AA2BD1439F0059BC56 /* NewGroupViewController.swift in Sources */ = {isa = PBXBuildFile; fileRef = 2CCF91A92BD1439F0059BC56 /* NewGroupViewController.swift */; };
		2CCF91AC2BD143B50059BC56 /* NewGroupViewController.storyboard in Resources */ = {isa = PBXBuildFile; fileRef = 2CCF91AB2BD143B50059BC56 /* NewGroupViewController.storyboard */; };
		C4B8453A2BF1C8C700CD954A /* FirebaseAnalytics in Frameworks */ = {isa = PBXBuildFile; productRef = C4B845392BF1C8C700CD954A /* FirebaseAnalytics */; };
		C4B8453C2BF1C8C700CD954A /* FirebaseAnalyticsOnDeviceConversion in Frameworks */ = {isa = PBXBuildFile; productRef = C4B8453B2BF1C8C700CD954A /* FirebaseAnalyticsOnDeviceConversion */; };
		C4B8453E2BF1C8C700CD954A /* FirebaseAnalyticsSwift in Frameworks */ = {isa = PBXBuildFile; productRef = C4B8453D2BF1C8C700CD954A /* FirebaseAnalyticsSwift */; };
		C4B845402BF1C8C700CD954A /* FirebaseAnalyticsWithoutAdIdSupport in Frameworks */ = {isa = PBXBuildFile; productRef = C4B8453F2BF1C8C700CD954A /* FirebaseAnalyticsWithoutAdIdSupport */; };
		C4B845422BF1C8C700CD954A /* FirebaseAppCheck in Frameworks */ = {isa = PBXBuildFile; productRef = C4B845412BF1C8C700CD954A /* FirebaseAppCheck */; };
		C4B845442BF1C8C700CD954A /* FirebaseAppDistribution-Beta in Frameworks */ = {isa = PBXBuildFile; productRef = C4B845432BF1C8C700CD954A /* FirebaseAppDistribution-Beta */; };
		C4B845462BF1C8C700CD954A /* FirebaseAuth in Frameworks */ = {isa = PBXBuildFile; productRef = C4B845452BF1C8C700CD954A /* FirebaseAuth */; };
		C4B845482BF1C8C700CD954A /* FirebaseAuthCombine-Community in Frameworks */ = {isa = PBXBuildFile; productRef = C4B845472BF1C8C700CD954A /* FirebaseAuthCombine-Community */; };
		C4B8454A2BF1C8C700CD954A /* FirebaseCrashlytics in Frameworks */ = {isa = PBXBuildFile; productRef = C4B845492BF1C8C700CD954A /* FirebaseCrashlytics */; };
		C4B8454C2BF1C8C700CD954A /* FirebaseDatabase in Frameworks */ = {isa = PBXBuildFile; productRef = C4B8454B2BF1C8C700CD954A /* FirebaseDatabase */; };
		C4B8454E2BF1C8C700CD954A /* FirebaseDatabaseSwift in Frameworks */ = {isa = PBXBuildFile; productRef = C4B8454D2BF1C8C700CD954A /* FirebaseDatabaseSwift */; };
		C4B845502BF1C8C700CD954A /* FirebaseDynamicLinks in Frameworks */ = {isa = PBXBuildFile; productRef = C4B8454F2BF1C8C700CD954A /* FirebaseDynamicLinks */; };
		C4B845522BF1C8C700CD954A /* FirebaseFirestore in Frameworks */ = {isa = PBXBuildFile; productRef = C4B845512BF1C8C700CD954A /* FirebaseFirestore */; };
		C4B845542BF1C8C700CD954A /* FirebaseFirestoreCombine-Community in Frameworks */ = {isa = PBXBuildFile; productRef = C4B845532BF1C8C700CD954A /* FirebaseFirestoreCombine-Community */; };
		C4B845562BF1C8C700CD954A /* FirebaseFirestoreSwift in Frameworks */ = {isa = PBXBuildFile; productRef = C4B845552BF1C8C700CD954A /* FirebaseFirestoreSwift */; };
		C4B845582BF1C8C700CD954A /* FirebaseFunctions in Frameworks */ = {isa = PBXBuildFile; productRef = C4B845572BF1C8C700CD954A /* FirebaseFunctions */; };
		C4B8455A2BF1C8C700CD954A /* FirebaseFunctionsCombine-Community in Frameworks */ = {isa = PBXBuildFile; productRef = C4B845592BF1C8C700CD954A /* FirebaseFunctionsCombine-Community */; };
		C4B8455C2BF1C8C700CD954A /* FirebaseInAppMessaging-Beta in Frameworks */ = {isa = PBXBuildFile; productRef = C4B8455B2BF1C8C700CD954A /* FirebaseInAppMessaging-Beta */; };
		C4B8455E2BF1C8C700CD954A /* FirebaseInAppMessagingSwift-Beta in Frameworks */ = {isa = PBXBuildFile; productRef = C4B8455D2BF1C8C700CD954A /* FirebaseInAppMessagingSwift-Beta */; };
		C4B845602BF1C8C700CD954A /* FirebaseInstallations in Frameworks */ = {isa = PBXBuildFile; productRef = C4B8455F2BF1C8C700CD954A /* FirebaseInstallations */; };
		C4B845622BF1C8C700CD954A /* FirebaseMLModelDownloader in Frameworks */ = {isa = PBXBuildFile; productRef = C4B845612BF1C8C700CD954A /* FirebaseMLModelDownloader */; };
		C4B845642BF1C8C700CD954A /* FirebaseMessaging in Frameworks */ = {isa = PBXBuildFile; productRef = C4B845632BF1C8C700CD954A /* FirebaseMessaging */; };
		C4B845662BF1C8C700CD954A /* FirebasePerformance in Frameworks */ = {isa = PBXBuildFile; productRef = C4B845652BF1C8C700CD954A /* FirebasePerformance */; };
		C4B845682BF1C8C700CD954A /* FirebaseRemoteConfig in Frameworks */ = {isa = PBXBuildFile; productRef = C4B845672BF1C8C700CD954A /* FirebaseRemoteConfig */; };
		C4B8456A2BF1C8C700CD954A /* FirebaseRemoteConfigSwift in Frameworks */ = {isa = PBXBuildFile; productRef = C4B845692BF1C8C700CD954A /* FirebaseRemoteConfigSwift */; };
		C4B8456C2BF1C8C700CD954A /* FirebaseStorage in Frameworks */ = {isa = PBXBuildFile; productRef = C4B8456B2BF1C8C700CD954A /* FirebaseStorage */; };
		C4B8456E2BF1C8C700CD954A /* FirebaseStorageCombine-Community in Frameworks */ = {isa = PBXBuildFile; productRef = C4B8456D2BF1C8C700CD954A /* FirebaseStorageCombine-Community */; };
		E620FA132BF53A22006177A3 /* SignUpUserViewController.swift in Sources */ = {isa = PBXBuildFile; fileRef = E620FA122BF53A22006177A3 /* SignUpUserViewController.swift */; };
		E659A21A2BF64871006A94CE /* InfoOtherUserViewController.storyboard in Resources */ = {isa = PBXBuildFile; fileRef = E659A2192BF64871006A94CE /* InfoOtherUserViewController.storyboard */; };
		E659A21C2BF648AE006A94CE /* InfoOtherUserViewController.swift in Sources */ = {isa = PBXBuildFile; fileRef = E659A21B2BF648AE006A94CE /* InfoOtherUserViewController.swift */; };
		E659A21E2BF665A3006A94CE /* SignUpUserViewController.storyboard in Resources */ = {isa = PBXBuildFile; fileRef = E659A21D2BF665A3006A94CE /* SignUpUserViewController.storyboard */; };
		E659A2212BF6681E006A94CE /* HomeViewController.storyboard in Resources */ = {isa = PBXBuildFile; fileRef = E659A2202BF6681E006A94CE /* HomeViewController.storyboard */; };
		E659A2232BF6682D006A94CE /* HomeViewController.swift in Sources */ = {isa = PBXBuildFile; fileRef = E659A2222BF6682D006A94CE /* HomeViewController.swift */; };
		E659A2292BF671C5006A94CE /* HomeTableViewCell.swift in Sources */ = {isa = PBXBuildFile; fileRef = E659A2272BF671C5006A94CE /* HomeTableViewCell.swift */; };
		E659A22A2BF671C5006A94CE /* HomeTableViewCell.xib in Resources */ = {isa = PBXBuildFile; fileRef = E659A2282BF671C5006A94CE /* HomeTableViewCell.xib */; };
		E659A2312BF74DB9006A94CE /* HomeCollectionViewCell.swift in Sources */ = {isa = PBXBuildFile; fileRef = E659A22F2BF74DB9006A94CE /* HomeCollectionViewCell.swift */; };
		E659A2322BF74DB9006A94CE /* HomeCollectionViewCell.xib in Resources */ = {isa = PBXBuildFile; fileRef = E659A2302BF74DB9006A94CE /* HomeCollectionViewCell.xib */; };
/* End PBXBuildFile section */

/* Begin PBXFileReference section */
		2C12E7052BD80A1F002A87EB /* ViewPhotosViewController.swift */ = {isa = PBXFileReference; lastKnownFileType = sourcecode.swift; path = ViewPhotosViewController.swift; sourceTree = "<group>"; };
		2C12E7072BD80A32002A87EB /* ViewPhotosViewController.storyboard */ = {isa = PBXFileReference; lastKnownFileType = file.storyboard; path = ViewPhotosViewController.storyboard; sourceTree = "<group>"; };
		2C12E7162BD83A0C002A87EB /* TabBarController.swift */ = {isa = PBXFileReference; lastKnownFileType = sourcecode.swift; path = TabBarController.swift; sourceTree = "<group>"; };
		2C12E7182BD83A20002A87EB /* TabBarController.storyboard */ = {isa = PBXFileReference; lastKnownFileType = file.storyboard; path = TabBarController.storyboard; sourceTree = "<group>"; };
		2C171B6D2BD7475F00E66113 /* CustomGroupViewController.swift */ = {isa = PBXFileReference; lastKnownFileType = sourcecode.swift; path = CustomGroupViewController.swift; sourceTree = "<group>"; };
		2C171B6F2BD7477C00E66113 /* CustomGroupViewController.storyboard */ = {isa = PBXFileReference; lastKnownFileType = file.storyboard; path = CustomGroupViewController.storyboard; sourceTree = "<group>"; };
		2C171B722BD74E3C00E66113 /* CommunityGroupViewController.swift */ = {isa = PBXFileReference; lastKnownFileType = sourcecode.swift; path = CommunityGroupViewController.swift; sourceTree = "<group>"; };
		2C171B742BD74E5F00E66113 /* CommunityGroupViewController.storyboard */ = {isa = PBXFileReference; lastKnownFileType = file.storyboard; path = CommunityGroupViewController.storyboard; sourceTree = "<group>"; };
		2C41B7132BCFFB4E00EF5C38 /* ChatViewController.swift */ = {isa = PBXFileReference; lastKnownFileType = sourcecode.swift; path = ChatViewController.swift; sourceTree = "<group>"; };
		2C41B7152BCFFB6500EF5C38 /* ChatViewController.storyboard */ = {isa = PBXFileReference; lastKnownFileType = file.storyboard; path = ChatViewController.storyboard; sourceTree = "<group>"; };
		2C41B7192BD0066A00EF5C38 /* UserTableViewCell.swift */ = {isa = PBXFileReference; lastKnownFileType = sourcecode.swift; path = UserTableViewCell.swift; sourceTree = "<group>"; };
		2C41B71A2BD0066A00EF5C38 /* UserTableViewCell.xib */ = {isa = PBXFileReference; lastKnownFileType = file.xib; path = UserTableViewCell.xib; sourceTree = "<group>"; };
		2C41B71E2BD006B400EF5C38 /* User.swift */ = {isa = PBXFileReference; lastKnownFileType = sourcecode.swift; path = User.swift; sourceTree = "<group>"; };
		2C42D72D2BBA0642007C0289 /* ResetPasswordViewController.storyboard */ = {isa = PBXFileReference; lastKnownFileType = file.storyboard; path = ResetPasswordViewController.storyboard; sourceTree = "<group>"; };
		2C42D72F2BBA0661007C0289 /* ResetPasswordViewController.swift */ = {isa = PBXFileReference; lastKnownFileType = sourcecode.swift; path = ResetPasswordViewController.swift; sourceTree = "<group>"; };
		2C5BB7152BEA648F004C5566 /* EditProfileUserViewController.storyboard */ = {isa = PBXFileReference; fileEncoding = 4; lastKnownFileType = file.storyboard; path = EditProfileUserViewController.storyboard; sourceTree = "<group>"; };
		2C5BB7162BEA648F004C5566 /* EditProfileUserViewController.swift */ = {isa = PBXFileReference; fileEncoding = 4; lastKnownFileType = sourcecode.swift; path = EditProfileUserViewController.swift; sourceTree = "<group>"; };
		2C5CBE572C0FAB7A0095EBD4 /* Message.swift */ = {isa = PBXFileReference; lastKnownFileType = sourcecode.swift; path = Message.swift; sourceTree = "<group>"; };
		2C5CBE692C0FEBD10095EBD4 /* IncomingTextMessageTableViewCell.swift */ = {isa = PBXFileReference; lastKnownFileType = sourcecode.swift; path = IncomingTextMessageTableViewCell.swift; sourceTree = "<group>"; };
		2C5CBE6B2C0FEBEF0095EBD4 /* OutgoingTextMessageTableViewCell.swift */ = {isa = PBXFileReference; lastKnownFileType = sourcecode.swift; path = OutgoingTextMessageTableViewCell.swift; sourceTree = "<group>"; };
		2C61AA012BFCF0AC0028BE55 /* GoogleService-Info.plist */ = {isa = PBXFileReference; fileEncoding = 4; lastKnownFileType = text.plist.xml; path = "GoogleService-Info.plist"; sourceTree = "<group>"; };
		2C64EBF12BCC0E6B00CBA85F /* ProfileUserViewController.storyboard */ = {isa = PBXFileReference; fileEncoding = 4; lastKnownFileType = file.storyboard; path = ProfileUserViewController.storyboard; sourceTree = "<group>"; };
		2C64EBF22BCC0E6B00CBA85F /* ProfileUserViewController.swift */ = {isa = PBXFileReference; fileEncoding = 4; lastKnownFileType = sourcecode.swift; path = ProfileUserViewController.swift; sourceTree = "<group>"; };
		2CAD7C162BD198C10006BCEE /* ContactsTableViewCell.swift */ = {isa = PBXFileReference; lastKnownFileType = sourcecode.swift; path = ContactsTableViewCell.swift; sourceTree = "<group>"; };
		2CAD7C172BD198C10006BCEE /* ContactsTableViewCell.xib */ = {isa = PBXFileReference; lastKnownFileType = file.xib; path = ContactsTableViewCell.xib; sourceTree = "<group>"; };
		2CAD7C1A2BD1995C0006BCEE /* Contacts.swift */ = {isa = PBXFileReference; lastKnownFileType = sourcecode.swift; path = Contacts.swift; sourceTree = "<group>"; };
		2CB3F4E22BAE0B3D009E5E2A /* LoginViewController.storyboard */ = {isa = PBXFileReference; lastKnownFileType = file.storyboard; path = LoginViewController.storyboard; sourceTree = "<group>"; };
		2CB3F4E42BAE0B55009E5E2A /* LoginViewController.swift */ = {isa = PBXFileReference; lastKnownFileType = sourcecode.swift; path = LoginViewController.swift; sourceTree = "<group>"; };
		2CBD4BD72BA9C73F0052CD7A /* appRunClub.app */ = {isa = PBXFileReference; explicitFileType = wrapper.application; includeInIndex = 0; path = appRunClub.app; sourceTree = BUILT_PRODUCTS_DIR; };
		2CBD4BDA2BA9C73F0052CD7A /* AppDelegate.swift */ = {isa = PBXFileReference; lastKnownFileType = sourcecode.swift; path = AppDelegate.swift; sourceTree = "<group>"; };
		2CBD4BDC2BA9C73F0052CD7A /* SceneDelegate.swift */ = {isa = PBXFileReference; lastKnownFileType = sourcecode.swift; path = SceneDelegate.swift; sourceTree = "<group>"; };
		2CBD4BDE2BA9C73F0052CD7A /* ViewController.swift */ = {isa = PBXFileReference; lastKnownFileType = sourcecode.swift; path = ViewController.swift; sourceTree = "<group>"; };
		2CBD4BE12BA9C73F0052CD7A /* Base */ = {isa = PBXFileReference; lastKnownFileType = file.storyboard; name = Base; path = Base.lproj/Main.storyboard; sourceTree = "<group>"; };
		2CBD4BE32BA9C7410052CD7A /* Assets.xcassets */ = {isa = PBXFileReference; lastKnownFileType = folder.assetcatalog; path = Assets.xcassets; sourceTree = "<group>"; };
		2CBD4BE62BA9C7410052CD7A /* Base */ = {isa = PBXFileReference; lastKnownFileType = file.storyboard; name = Base; path = Base.lproj/LaunchScreen.storyboard; sourceTree = "<group>"; };
		2CBD4BE82BA9C7410052CD7A /* Info.plist */ = {isa = PBXFileReference; lastKnownFileType = text.plist.xml; path = Info.plist; sourceTree = "<group>"; };
		2CC0A6F92C109BD600D20B46 /* UIFont+Extension.swift */ = {isa = PBXFileReference; lastKnownFileType = sourcecode.swift; path = "UIFont+Extension.swift"; sourceTree = "<group>"; };
		2CC0A6FB2C109DFF00D20B46 /* UIButton+Extension.swift */ = {isa = PBXFileReference; lastKnownFileType = sourcecode.swift; path = "UIButton+Extension.swift"; sourceTree = "<group>"; };
		2CC0A6FD2C109EAA00D20B46 /* String+Extension.swift */ = {isa = PBXFileReference; lastKnownFileType = sourcecode.swift; path = "String+Extension.swift"; sourceTree = "<group>"; };
		2CCF91A92BD1439F0059BC56 /* NewGroupViewController.swift */ = {isa = PBXFileReference; lastKnownFileType = sourcecode.swift; path = NewGroupViewController.swift; sourceTree = "<group>"; };
		2CCF91AB2BD143B50059BC56 /* NewGroupViewController.storyboard */ = {isa = PBXFileReference; lastKnownFileType = file.storyboard; path = NewGroupViewController.storyboard; sourceTree = "<group>"; };
		E620FA122BF53A22006177A3 /* SignUpUserViewController.swift */ = {isa = PBXFileReference; lastKnownFileType = sourcecode.swift; path = SignUpUserViewController.swift; sourceTree = "<group>"; };
		E659A2192BF64871006A94CE /* InfoOtherUserViewController.storyboard */ = {isa = PBXFileReference; lastKnownFileType = file.storyboard; path = InfoOtherUserViewController.storyboard; sourceTree = "<group>"; };
		E659A21B2BF648AE006A94CE /* InfoOtherUserViewController.swift */ = {isa = PBXFileReference; lastKnownFileType = sourcecode.swift; path = InfoOtherUserViewController.swift; sourceTree = "<group>"; };
		E659A21D2BF665A3006A94CE /* SignUpUserViewController.storyboard */ = {isa = PBXFileReference; fileEncoding = 4; lastKnownFileType = file.storyboard; path = SignUpUserViewController.storyboard; sourceTree = "<group>"; };
		E659A2202BF6681E006A94CE /* HomeViewController.storyboard */ = {isa = PBXFileReference; lastKnownFileType = file.storyboard; path = HomeViewController.storyboard; sourceTree = "<group>"; };
		E659A2222BF6682D006A94CE /* HomeViewController.swift */ = {isa = PBXFileReference; lastKnownFileType = sourcecode.swift; path = HomeViewController.swift; sourceTree = "<group>"; };
		E659A2272BF671C5006A94CE /* HomeTableViewCell.swift */ = {isa = PBXFileReference; lastKnownFileType = sourcecode.swift; path = HomeTableViewCell.swift; sourceTree = "<group>"; };
		E659A2282BF671C5006A94CE /* HomeTableViewCell.xib */ = {isa = PBXFileReference; lastKnownFileType = file.xib; path = HomeTableViewCell.xib; sourceTree = "<group>"; };
		E659A22F2BF74DB9006A94CE /* HomeCollectionViewCell.swift */ = {isa = PBXFileReference; lastKnownFileType = sourcecode.swift; path = HomeCollectionViewCell.swift; sourceTree = "<group>"; };
		E659A2302BF74DB9006A94CE /* HomeCollectionViewCell.xib */ = {isa = PBXFileReference; lastKnownFileType = file.xib; path = HomeCollectionViewCell.xib; sourceTree = "<group>"; };
/* End PBXFileReference section */

/* Begin PBXFrameworksBuildPhase section */
		2CBD4BD42BA9C73F0052CD7A /* Frameworks */ = {
			isa = PBXFrameworksBuildPhase;
			buildActionMask = 2147483647;
			files = (
				C4B8454C2BF1C8C700CD954A /* FirebaseDatabase in Frameworks */,
				C4B8455A2BF1C8C700CD954A /* FirebaseFunctionsCombine-Community in Frameworks */,
				C4B845522BF1C8C700CD954A /* FirebaseFirestore in Frameworks */,
				C4B8453E2BF1C8C700CD954A /* FirebaseAnalyticsSwift in Frameworks */,
				C4B8453A2BF1C8C700CD954A /* FirebaseAnalytics in Frameworks */,
				C4B8453C2BF1C8C700CD954A /* FirebaseAnalyticsOnDeviceConversion in Frameworks */,
				C4B845622BF1C8C700CD954A /* FirebaseMLModelDownloader in Frameworks */,
				2C61AA072BFCF2A80028BE55 /* GoogleSignInSwift in Frameworks */,
				C4B845562BF1C8C700CD954A /* FirebaseFirestoreSwift in Frameworks */,
				C4B845422BF1C8C700CD954A /* FirebaseAppCheck in Frameworks */,
				C4B845402BF1C8C700CD954A /* FirebaseAnalyticsWithoutAdIdSupport in Frameworks */,
				C4B845462BF1C8C700CD954A /* FirebaseAuth in Frameworks */,
				C4B8454A2BF1C8C700CD954A /* FirebaseCrashlytics in Frameworks */,
				C4B8456A2BF1C8C700CD954A /* FirebaseRemoteConfigSwift in Frameworks */,
				2C61AA052BFCF2A80028BE55 /* GoogleSignIn in Frameworks */,
				C4B8455C2BF1C8C700CD954A /* FirebaseInAppMessaging-Beta in Frameworks */,
				C4B8454E2BF1C8C700CD954A /* FirebaseDatabaseSwift in Frameworks */,
				C4B845582BF1C8C700CD954A /* FirebaseFunctions in Frameworks */,
				C4B8456E2BF1C8C700CD954A /* FirebaseStorageCombine-Community in Frameworks */,
				C4B845682BF1C8C700CD954A /* FirebaseRemoteConfig in Frameworks */,
				C4B845442BF1C8C700CD954A /* FirebaseAppDistribution-Beta in Frameworks */,
				C4B845482BF1C8C700CD954A /* FirebaseAuthCombine-Community in Frameworks */,
				C4B845662BF1C8C700CD954A /* FirebasePerformance in Frameworks */,
				C4B8455E2BF1C8C700CD954A /* FirebaseInAppMessagingSwift-Beta in Frameworks */,
				C4B8456C2BF1C8C700CD954A /* FirebaseStorage in Frameworks */,
				C4B845502BF1C8C700CD954A /* FirebaseDynamicLinks in Frameworks */,
				C4B845542BF1C8C700CD954A /* FirebaseFirestoreCombine-Community in Frameworks */,
				C4B845642BF1C8C700CD954A /* FirebaseMessaging in Frameworks */,
				C4B845602BF1C8C700CD954A /* FirebaseInstallations in Frameworks */,
			);
			runOnlyForDeploymentPostprocessing = 0;
		};
/* End PBXFrameworksBuildPhase section */

/* Begin PBXGroup section */
		2C12E7042BD809FF002A87EB /* ViewPhotos */ = {
			isa = PBXGroup;
			children = (
				2C12E7052BD80A1F002A87EB /* ViewPhotosViewController.swift */,
				2C12E7072BD80A32002A87EB /* ViewPhotosViewController.storyboard */,
			);
			path = ViewPhotos;
			sourceTree = "<group>";
		};
		2C12E7142BD839D6002A87EB /* TabBar */ = {
			isa = PBXGroup;
			children = (
				2C12E7162BD83A0C002A87EB /* TabBarController.swift */,
				2C12E7182BD83A20002A87EB /* TabBarController.storyboard */,
			);
			path = TabBar;
			sourceTree = "<group>";
		};
		2C171B6C2BD7473A00E66113 /* CustomGroup */ = {
			isa = PBXGroup;
			children = (
				2C171B6D2BD7475F00E66113 /* CustomGroupViewController.swift */,
				2C171B6F2BD7477C00E66113 /* CustomGroupViewController.storyboard */,
			);
			path = CustomGroup;
			sourceTree = "<group>";
		};
		2C171B712BD74E0700E66113 /* CommunityGroup */ = {
			isa = PBXGroup;
			children = (
				2C171B722BD74E3C00E66113 /* CommunityGroupViewController.swift */,
				2C171B742BD74E5F00E66113 /* CommunityGroupViewController.storyboard */,
				2C5CBE592C0FAC700095EBD4 /* Cell */,
			);
			path = CommunityGroup;
			sourceTree = "<group>";
		};
		2C41B7122BCFFB2A00EF5C38 /* Chat */ = {
			isa = PBXGroup;
			children = (
				2C41B7132BCFFB4E00EF5C38 /* ChatViewController.swift */,
				2C41B7152BCFFB6500EF5C38 /* ChatViewController.storyboard */,
				2C41B7172BD0061A00EF5C38 /* Cell */,
			);
			path = Chat;
			sourceTree = "<group>";
		};
		2C41B7172BD0061A00EF5C38 /* Cell */ = {
			isa = PBXGroup;
			children = (
				2C41B7182BD0062300EF5C38 /* User */,
			);
			path = Cell;
			sourceTree = "<group>";
		};
		2C41B7182BD0062300EF5C38 /* User */ = {
			isa = PBXGroup;
			children = (
				2C41B7192BD0066A00EF5C38 /* UserTableViewCell.swift */,
				2C41B71A2BD0066A00EF5C38 /* UserTableViewCell.xib */,
			);
			path = User;
			sourceTree = "<group>";
		};
		2C41B71D2BD0069F00EF5C38 /* Model */ = {
			isa = PBXGroup;
			children = (
				2C41B71E2BD006B400EF5C38 /* User.swift */,
				2CAD7C1A2BD1995C0006BCEE /* Contacts.swift */,
				2C5CBE572C0FAB7A0095EBD4 /* Message.swift */,
			);
			path = Model;
			sourceTree = "<group>";
		};
		2C42D72C2BBA0619007C0289 /* ResetPassword */ = {
			isa = PBXGroup;
			children = (
				2C42D72D2BBA0642007C0289 /* ResetPasswordViewController.storyboard */,
				2C42D72F2BBA0661007C0289 /* ResetPasswordViewController.swift */,
			);
			path = ResetPassword;
			sourceTree = "<group>";
		};
		2C5BB7172BEA648F004C5566 /* EditProfileUser */ = {
			isa = PBXGroup;
			children = (
				2C5BB7152BEA648F004C5566 /* EditProfileUserViewController.storyboard */,
				2C5BB7162BEA648F004C5566 /* EditProfileUserViewController.swift */,
			);
			path = EditProfileUser;
			sourceTree = "<group>";
		};
		2C5CBE592C0FAC700095EBD4 /* Cell */ = {
			isa = PBXGroup;
			children = (
				2C5CBE632C0FAD640095EBD4 /* MessageUser */,
				2C5CBE642C0FADB80095EBD4 /* MessageContact */,
			);
			path = Cell;
			sourceTree = "<group>";
		};
		2C5CBE632C0FAD640095EBD4 /* MessageUser */ = {
			isa = PBXGroup;
			children = (
				2C5CBE6B2C0FEBEF0095EBD4 /* OutgoingTextMessageTableViewCell.swift */,
			);
			path = MessageUser;
			sourceTree = "<group>";
		};
		2C5CBE642C0FADB80095EBD4 /* MessageContact */ = {
			isa = PBXGroup;
			children = (
				2C5CBE692C0FEBD10095EBD4 /* IncomingTextMessageTableViewCell.swift */,
			);
			path = MessageContact;
			sourceTree = "<group>";
		};
		2C64EBF32BCC0E6B00CBA85F /* ProfileUser */ = {
			isa = PBXGroup;
			children = (
				2C64EBF12BCC0E6B00CBA85F /* ProfileUserViewController.storyboard */,
				2C64EBF22BCC0E6B00CBA85F /* ProfileUserViewController.swift */,
			);
			path = ProfileUser;
			sourceTree = "<group>";
		};
		2CAD7C142BD1988C0006BCEE /* Cell */ = {
			isa = PBXGroup;
			children = (
				2CAD7C152BD198990006BCEE /* Contacts */,
			);
			path = Cell;
			sourceTree = "<group>";
		};
		2CAD7C152BD198990006BCEE /* Contacts */ = {
			isa = PBXGroup;
			children = (
				2CAD7C162BD198C10006BCEE /* ContactsTableViewCell.swift */,
				2CAD7C172BD198C10006BCEE /* ContactsTableViewCell.xib */,
			);
			path = Contacts;
			sourceTree = "<group>";
		};
		2CB3F4DF2BAE09A2009E5E2A /* Resource */ = {
			isa = PBXGroup;
			children = (
				2CBD4BDA2BA9C73F0052CD7A /* AppDelegate.swift */,
				2CBD4BDC2BA9C73F0052CD7A /* SceneDelegate.swift */,
				2CBD4BE32BA9C7410052CD7A /* Assets.xcassets */,
				2CBD4BE52BA9C7410052CD7A /* LaunchScreen.storyboard */,
			);
			path = Resource;
			sourceTree = "<group>";
		};
		2CB3F4E02BAE0A9E009E5E2A /* Welcome */ = {
			isa = PBXGroup;
			children = (
				2CBD4BDE2BA9C73F0052CD7A /* ViewController.swift */,
				2CBD4BE02BA9C73F0052CD7A /* Main.storyboard */,
			);
			path = Welcome;
			sourceTree = "<group>";
		};
		2CB3F4E12BAE0B28009E5E2A /* Login */ = {
			isa = PBXGroup;
			children = (
				2CB3F4E22BAE0B3D009E5E2A /* LoginViewController.storyboard */,
				2CB3F4E42BAE0B55009E5E2A /* LoginViewController.swift */,
			);
			path = Login;
			sourceTree = "<group>";
		};
		2CBD4BCE2BA9C73F0052CD7A = {
			isa = PBXGroup;
			children = (
				2CBD4BD92BA9C73F0052CD7A /* appRunClub */,
				2CBD4BD82BA9C73F0052CD7A /* Products */,
			);
			sourceTree = "<group>";
		};
		2CBD4BD82BA9C73F0052CD7A /* Products */ = {
			isa = PBXGroup;
			children = (
				2CBD4BD72BA9C73F0052CD7A /* appRunClub.app */,
			);
			name = Products;
			sourceTree = "<group>";
		};
		2CBD4BD92BA9C73F0052CD7A /* appRunClub */ = {
			isa = PBXGroup;
			children = (
				2C41B71D2BD0069F00EF5C38 /* Model */,
				2CC0A6F72C109B6E00D20B46 /* Utils */,
				2C5BB7172BEA648F004C5566 /* EditProfileUser */,
				2C12E7042BD809FF002A87EB /* ViewPhotos */,
				2C64EBF32BCC0E6B00CBA85F /* ProfileUser */,
				2C171B712BD74E0700E66113 /* CommunityGroup */,
				2C171B6C2BD7473A00E66113 /* CustomGroup */,
				2CCF91A82BD143790059BC56 /* NewGroup */,
				2C41B7122BCFFB2A00EF5C38 /* Chat */,
				E659A2182BF6444B006A94CE /* InfoOtherUser */,
				E659A21F2BF667DB006A94CE /* Home */,
				2C12E7142BD839D6002A87EB /* TabBar */,
				2C42D72C2BBA0619007C0289 /* ResetPassword */,
				2CB3F4E12BAE0B28009E5E2A /* Login */,
				E620FA0F2BF5351D006177A3 /* SignUpUser */,
				2CB3F4E02BAE0A9E009E5E2A /* Welcome */,
				2CB3F4DF2BAE09A2009E5E2A /* Resource */,
				2CBD4BE82BA9C7410052CD7A /* Info.plist */,
				2C61AA012BFCF0AC0028BE55 /* GoogleService-Info.plist */,
			);
			path = appRunClub;
			sourceTree = "<group>";
		};
		2CC0A6F72C109B6E00D20B46 /* Utils */ = {
			isa = PBXGroup;
			children = (
				2CC0A6F82C109B9300D20B46 /* Extension */,
			);
			path = Utils;
			sourceTree = "<group>";
		};
		2CC0A6F82C109B9300D20B46 /* Extension */ = {
			isa = PBXGroup;
			children = (
				2CC0A6F92C109BD600D20B46 /* UIFont+Extension.swift */,
				2CC0A6FB2C109DFF00D20B46 /* UIButton+Extension.swift */,
				2CC0A6FD2C109EAA00D20B46 /* String+Extension.swift */,
			);
			path = Extension;
			sourceTree = "<group>";
		};
		2CCF91A82BD143790059BC56 /* NewGroup */ = {
			isa = PBXGroup;
			children = (
				2CCF91A92BD1439F0059BC56 /* NewGroupViewController.swift */,
				2CCF91AB2BD143B50059BC56 /* NewGroupViewController.storyboard */,
				2CAD7C142BD1988C0006BCEE /* Cell */,
			);
			path = NewGroup;
			sourceTree = "<group>";
		};
		E620FA0F2BF5351D006177A3 /* SignUpUser */ = {
			isa = PBXGroup;
			children = (
				E659A21D2BF665A3006A94CE /* SignUpUserViewController.storyboard */,
				E620FA122BF53A22006177A3 /* SignUpUserViewController.swift */,
			);
			path = SignUpUser;
			sourceTree = "<group>";
		};
		E659A2182BF6444B006A94CE /* InfoOtherUser */ = {
			isa = PBXGroup;
			children = (
				E659A2192BF64871006A94CE /* InfoOtherUserViewController.storyboard */,
				E659A21B2BF648AE006A94CE /* InfoOtherUserViewController.swift */,
			);
			path = InfoOtherUser;
			sourceTree = "<group>";
		};
		E659A21F2BF667DB006A94CE /* Home */ = {
			isa = PBXGroup;
			children = (
				E659A2242BF67164006A94CE /* HomeScreen */,
				E659A2252BF67179006A94CE /* HomeTableView */,
			);
			path = Home;
			sourceTree = "<group>";
		};
		E659A2242BF67164006A94CE /* HomeScreen */ = {
			isa = PBXGroup;
			children = (
				E659A2222BF6682D006A94CE /* HomeViewController.swift */,
				E659A2202BF6681E006A94CE /* HomeViewController.storyboard */,
			);
			path = HomeScreen;
			sourceTree = "<group>";
		};
		E659A2252BF67179006A94CE /* HomeTableView */ = {
			isa = PBXGroup;
			children = (
				E659A2282BF671C5006A94CE /* HomeTableViewCell.xib */,
				E659A2272BF671C5006A94CE /* HomeTableViewCell.swift */,
				E659A2262BF6718B006A94CE /* HomeCollectionView */,
			);
			path = HomeTableView;
			sourceTree = "<group>";
		};
		E659A2262BF6718B006A94CE /* HomeCollectionView */ = {
			isa = PBXGroup;
			children = (
				E659A22F2BF74DB9006A94CE /* HomeCollectionViewCell.swift */,
				E659A2302BF74DB9006A94CE /* HomeCollectionViewCell.xib */,
			);
			path = HomeCollectionView;
			sourceTree = "<group>";
		};
/* End PBXGroup section */

/* Begin PBXNativeTarget section */
		2CBD4BD62BA9C73F0052CD7A /* appRunClub */ = {
			isa = PBXNativeTarget;
			buildConfigurationList = 2CBD4BEB2BA9C7410052CD7A /* Build configuration list for PBXNativeTarget "appRunClub" */;
			buildPhases = (
				2CBD4BD32BA9C73F0052CD7A /* Sources */,
				2CBD4BD42BA9C73F0052CD7A /* Frameworks */,
				2CBD4BD52BA9C73F0052CD7A /* Resources */,
			);
			buildRules = (
			);
			dependencies = (
			);
			name = appRunClub;
			packageProductDependencies = (
				C4B845392BF1C8C700CD954A /* FirebaseAnalytics */,
				C4B8453B2BF1C8C700CD954A /* FirebaseAnalyticsOnDeviceConversion */,
				C4B8453D2BF1C8C700CD954A /* FirebaseAnalyticsSwift */,
				C4B8453F2BF1C8C700CD954A /* FirebaseAnalyticsWithoutAdIdSupport */,
				C4B845412BF1C8C700CD954A /* FirebaseAppCheck */,
				C4B845432BF1C8C700CD954A /* FirebaseAppDistribution-Beta */,
				C4B845452BF1C8C700CD954A /* FirebaseAuth */,
				C4B845472BF1C8C700CD954A /* FirebaseAuthCombine-Community */,
				C4B845492BF1C8C700CD954A /* FirebaseCrashlytics */,
				C4B8454B2BF1C8C700CD954A /* FirebaseDatabase */,
				C4B8454D2BF1C8C700CD954A /* FirebaseDatabaseSwift */,
				C4B8454F2BF1C8C700CD954A /* FirebaseDynamicLinks */,
				C4B845512BF1C8C700CD954A /* FirebaseFirestore */,
				C4B845532BF1C8C700CD954A /* FirebaseFirestoreCombine-Community */,
				C4B845552BF1C8C700CD954A /* FirebaseFirestoreSwift */,
				C4B845572BF1C8C700CD954A /* FirebaseFunctions */,
				C4B845592BF1C8C700CD954A /* FirebaseFunctionsCombine-Community */,
				C4B8455B2BF1C8C700CD954A /* FirebaseInAppMessaging-Beta */,
				C4B8455D2BF1C8C700CD954A /* FirebaseInAppMessagingSwift-Beta */,
				C4B8455F2BF1C8C700CD954A /* FirebaseInstallations */,
				C4B845612BF1C8C700CD954A /* FirebaseMLModelDownloader */,
				C4B845632BF1C8C700CD954A /* FirebaseMessaging */,
				C4B845652BF1C8C700CD954A /* FirebasePerformance */,
				C4B845672BF1C8C700CD954A /* FirebaseRemoteConfig */,
				C4B845692BF1C8C700CD954A /* FirebaseRemoteConfigSwift */,
				C4B8456B2BF1C8C700CD954A /* FirebaseStorage */,
				C4B8456D2BF1C8C700CD954A /* FirebaseStorageCombine-Community */,
				2C61AA042BFCF2A80028BE55 /* GoogleSignIn */,
				2C61AA062BFCF2A80028BE55 /* GoogleSignInSwift */,
			);
			productName = appRunClub;
			productReference = 2CBD4BD72BA9C73F0052CD7A /* appRunClub.app */;
			productType = "com.apple.product-type.application";
		};
/* End PBXNativeTarget section */

/* Begin PBXProject section */
		2CBD4BCF2BA9C73F0052CD7A /* Project object */ = {
			isa = PBXProject;
			attributes = {
				BuildIndependentTargetsInParallel = 1;
				LastSwiftUpdateCheck = 1530;
				LastUpgradeCheck = 1530;
				TargetAttributes = {
					2CBD4BD62BA9C73F0052CD7A = {
						CreatedOnToolsVersion = 15.3;
					};
				};
			};
			buildConfigurationList = 2CBD4BD22BA9C73F0052CD7A /* Build configuration list for PBXProject "appRunClub" */;
			compatibilityVersion = "Xcode 14.0";
			developmentRegion = en;
			hasScannedForEncodings = 0;
			knownRegions = (
				en,
				Base,
			);
			mainGroup = 2CBD4BCE2BA9C73F0052CD7A;
			packageReferences = (
				C4B845382BF1C8C600CD954A /* XCRemoteSwiftPackageReference "firebase-ios-sdk" */,
				2C61AA032BFCF2A80028BE55 /* XCRemoteSwiftPackageReference "GoogleSignIn-iOS" */,
			);
			productRefGroup = 2CBD4BD82BA9C73F0052CD7A /* Products */;
			projectDirPath = "";
			projectRoot = "";
			targets = (
				2CBD4BD62BA9C73F0052CD7A /* appRunClub */,
			);
		};
/* End PBXProject section */

/* Begin PBXResourcesBuildPhase section */
		2CBD4BD52BA9C73F0052CD7A /* Resources */ = {
			isa = PBXResourcesBuildPhase;
			buildActionMask = 2147483647;
			files = (
				2C12E7192BD83A20002A87EB /* TabBarController.storyboard in Resources */,
				2CBD4BE42BA9C7410052CD7A /* Assets.xcassets in Resources */,
				2CB3F4E32BAE0B3E009E5E2A /* LoginViewController.storyboard in Resources */,
				E659A21A2BF64871006A94CE /* InfoOtherUserViewController.storyboard in Resources */,
				E659A2322BF74DB9006A94CE /* HomeCollectionViewCell.xib in Resources */,
				2C41B7162BCFFB6500EF5C38 /* ChatViewController.storyboard in Resources */,
				2C64EBF42BCC0E6B00CBA85F /* ProfileUserViewController.storyboard in Resources */,
				2C5BB7182BEA6490004C5566 /* EditProfileUserViewController.storyboard in Resources */,
				2CBD4BE72BA9C7410052CD7A /* Base in Resources */,
				2CAD7C192BD198C10006BCEE /* ContactsTableViewCell.xib in Resources */,
				2CBD4BE22BA9C73F0052CD7A /* Base in Resources */,
				2C41B71B2BD0066A00EF5C38 /* UserTableViewCell.xib in Resources */,
				2C171B752BD74E5F00E66113 /* CommunityGroupViewController.storyboard in Resources */,
				E659A21E2BF665A3006A94CE /* SignUpUserViewController.storyboard in Resources */,
				2CCF91AC2BD143B50059BC56 /* NewGroupViewController.storyboard in Resources */,
				2C42D72E2BBA0642007C0289 /* ResetPasswordViewController.storyboard in Resources */,
				2C12E7082BD80A32002A87EB /* ViewPhotosViewController.storyboard in Resources */,
				E659A2212BF6681E006A94CE /* HomeViewController.storyboard in Resources */,
				E659A22A2BF671C5006A94CE /* HomeTableViewCell.xib in Resources */,
				2C171B702BD7477C00E66113 /* CustomGroupViewController.storyboard in Resources */,
				2C61AA022BFCF0AC0028BE55 /* GoogleService-Info.plist in Resources */,
			);
			runOnlyForDeploymentPostprocessing = 0;
		};
/* End PBXResourcesBuildPhase section */

/* Begin PBXSourcesBuildPhase section */
		2CBD4BD32BA9C73F0052CD7A /* Sources */ = {
			isa = PBXSourcesBuildPhase;
			buildActionMask = 2147483647;
			files = (
				2C12E7172BD83A0C002A87EB /* TabBarController.swift in Sources */,
				2C12E7062BD80A1F002A87EB /* ViewPhotosViewController.swift in Sources */,
				2C5CBE6A2C0FEBD10095EBD4 /* IncomingTextMessageTableViewCell.swift in Sources */,
				2CB3F4E52BAE0B55009E5E2A /* LoginViewController.swift in Sources */,
				E659A21C2BF648AE006A94CE /* InfoOtherUserViewController.swift in Sources */,
				E620FA132BF53A22006177A3 /* SignUpUserViewController.swift in Sources */,
				2C41B71C2BD0066A00EF5C38 /* UserTableViewCell.swift in Sources */,
				2C41B7142BCFFB4E00EF5C38 /* ChatViewController.swift in Sources */,
				2CC0A6FE2C109EAA00D20B46 /* String+Extension.swift in Sources */,
				2C171B732BD74E3C00E66113 /* CommunityGroupViewController.swift in Sources */,
				2CBD4BDF2BA9C73F0052CD7A /* ViewController.swift in Sources */,
				2CC0A6FA2C109BD600D20B46 /* UIFont+Extension.swift in Sources */,
				E659A2292BF671C5006A94CE /* HomeTableViewCell.swift in Sources */,
				2C42D7302BBA0661007C0289 /* ResetPasswordViewController.swift in Sources */,
				2CCF91AA2BD1439F0059BC56 /* NewGroupViewController.swift in Sources */,
				2CC0A6FC2C109DFF00D20B46 /* UIButton+Extension.swift in Sources */,
				2C64EBF52BCC0E6B00CBA85F /* ProfileUserViewController.swift in Sources */,
				2CAD7C1B2BD1995C0006BCEE /* Contacts.swift in Sources */,
				2CAD7C182BD198C10006BCEE /* ContactsTableViewCell.swift in Sources */,
				2CBD4BDB2BA9C73F0052CD7A /* AppDelegate.swift in Sources */,
				E659A2232BF6682D006A94CE /* HomeViewController.swift in Sources */,
				2C5CBE582C0FAB7A0095EBD4 /* Message.swift in Sources */,
				E659A2312BF74DB9006A94CE /* HomeCollectionViewCell.swift in Sources */,
				2C5CBE6C2C0FEBEF0095EBD4 /* OutgoingTextMessageTableViewCell.swift in Sources */,
				2C41B71F2BD006B400EF5C38 /* User.swift in Sources */,
				2CBD4BDD2BA9C73F0052CD7A /* SceneDelegate.swift in Sources */,
				2C5BB7192BEA6490004C5566 /* EditProfileUserViewController.swift in Sources */,
				2C171B6E2BD7475F00E66113 /* CustomGroupViewController.swift in Sources */,
			);
			runOnlyForDeploymentPostprocessing = 0;
		};
/* End PBXSourcesBuildPhase section */

/* Begin PBXVariantGroup section */
		2CBD4BE02BA9C73F0052CD7A /* Main.storyboard */ = {
			isa = PBXVariantGroup;
			children = (
				2CBD4BE12BA9C73F0052CD7A /* Base */,
			);
			name = Main.storyboard;
			sourceTree = "<group>";
		};
		2CBD4BE52BA9C7410052CD7A /* LaunchScreen.storyboard */ = {
			isa = PBXVariantGroup;
			children = (
				2CBD4BE62BA9C7410052CD7A /* Base */,
			);
			name = LaunchScreen.storyboard;
			sourceTree = "<group>";
		};
/* End PBXVariantGroup section */

/* Begin XCBuildConfiguration section */
		2CBD4BE92BA9C7410052CD7A /* Debug */ = {
			isa = XCBuildConfiguration;
			buildSettings = {
				ALWAYS_SEARCH_USER_PATHS = NO;
				ASSETCATALOG_COMPILER_GENERATE_SWIFT_ASSET_SYMBOL_EXTENSIONS = YES;
				CLANG_ANALYZER_NONNULL = YES;
				CLANG_ANALYZER_NUMBER_OBJECT_CONVERSION = YES_AGGRESSIVE;
				CLANG_CXX_LANGUAGE_STANDARD = "gnu++20";
				CLANG_ENABLE_MODULES = YES;
				CLANG_ENABLE_OBJC_ARC = YES;
				CLANG_ENABLE_OBJC_WEAK = YES;
				CLANG_WARN_BLOCK_CAPTURE_AUTORELEASING = YES;
				CLANG_WARN_BOOL_CONVERSION = YES;
				CLANG_WARN_COMMA = YES;
				CLANG_WARN_CONSTANT_CONVERSION = YES;
				CLANG_WARN_DEPRECATED_OBJC_IMPLEMENTATIONS = YES;
				CLANG_WARN_DIRECT_OBJC_ISA_USAGE = YES_ERROR;
				CLANG_WARN_DOCUMENTATION_COMMENTS = YES;
				CLANG_WARN_EMPTY_BODY = YES;
				CLANG_WARN_ENUM_CONVERSION = YES;
				CLANG_WARN_INFINITE_RECURSION = YES;
				CLANG_WARN_INT_CONVERSION = YES;
				CLANG_WARN_NON_LITERAL_NULL_CONVERSION = YES;
				CLANG_WARN_OBJC_IMPLICIT_RETAIN_SELF = YES;
				CLANG_WARN_OBJC_LITERAL_CONVERSION = YES;
				CLANG_WARN_OBJC_ROOT_CLASS = YES_ERROR;
				CLANG_WARN_QUOTED_INCLUDE_IN_FRAMEWORK_HEADER = YES;
				CLANG_WARN_RANGE_LOOP_ANALYSIS = YES;
				CLANG_WARN_STRICT_PROTOTYPES = YES;
				CLANG_WARN_SUSPICIOUS_MOVE = YES;
				CLANG_WARN_UNGUARDED_AVAILABILITY = YES_AGGRESSIVE;
				CLANG_WARN_UNREACHABLE_CODE = YES;
				CLANG_WARN__DUPLICATE_METHOD_MATCH = YES;
				COPY_PHASE_STRIP = NO;
				DEBUG_INFORMATION_FORMAT = dwarf;
				ENABLE_STRICT_OBJC_MSGSEND = YES;
				ENABLE_TESTABILITY = YES;
				ENABLE_USER_SCRIPT_SANDBOXING = YES;
				GCC_C_LANGUAGE_STANDARD = gnu17;
				GCC_DYNAMIC_NO_PIC = NO;
				GCC_NO_COMMON_BLOCKS = YES;
				GCC_OPTIMIZATION_LEVEL = 0;
				GCC_PREPROCESSOR_DEFINITIONS = (
					"DEBUG=1",
					"$(inherited)",
				);
				GCC_WARN_64_TO_32_BIT_CONVERSION = YES;
				GCC_WARN_ABOUT_RETURN_TYPE = YES_ERROR;
				GCC_WARN_UNDECLARED_SELECTOR = YES;
				GCC_WARN_UNINITIALIZED_AUTOS = YES_AGGRESSIVE;
				GCC_WARN_UNUSED_FUNCTION = YES;
				GCC_WARN_UNUSED_VARIABLE = YES;
				IPHONEOS_DEPLOYMENT_TARGET = 17.4;
				LOCALIZATION_PREFERS_STRING_CATALOGS = YES;
				MTL_ENABLE_DEBUG_INFO = INCLUDE_SOURCE;
				MTL_FAST_MATH = YES;
				ONLY_ACTIVE_ARCH = YES;
				SDKROOT = iphoneos;
				SWIFT_ACTIVE_COMPILATION_CONDITIONS = "DEBUG $(inherited)";
				SWIFT_OPTIMIZATION_LEVEL = "-Onone";
			};
			name = Debug;
		};
		2CBD4BEA2BA9C7410052CD7A /* Release */ = {
			isa = XCBuildConfiguration;
			buildSettings = {
				ALWAYS_SEARCH_USER_PATHS = NO;
				ASSETCATALOG_COMPILER_GENERATE_SWIFT_ASSET_SYMBOL_EXTENSIONS = YES;
				CLANG_ANALYZER_NONNULL = YES;
				CLANG_ANALYZER_NUMBER_OBJECT_CONVERSION = YES_AGGRESSIVE;
				CLANG_CXX_LANGUAGE_STANDARD = "gnu++20";
				CLANG_ENABLE_MODULES = YES;
				CLANG_ENABLE_OBJC_ARC = YES;
				CLANG_ENABLE_OBJC_WEAK = YES;
				CLANG_WARN_BLOCK_CAPTURE_AUTORELEASING = YES;
				CLANG_WARN_BOOL_CONVERSION = YES;
				CLANG_WARN_COMMA = YES;
				CLANG_WARN_CONSTANT_CONVERSION = YES;
				CLANG_WARN_DEPRECATED_OBJC_IMPLEMENTATIONS = YES;
				CLANG_WARN_DIRECT_OBJC_ISA_USAGE = YES_ERROR;
				CLANG_WARN_DOCUMENTATION_COMMENTS = YES;
				CLANG_WARN_EMPTY_BODY = YES;
				CLANG_WARN_ENUM_CONVERSION = YES;
				CLANG_WARN_INFINITE_RECURSION = YES;
				CLANG_WARN_INT_CONVERSION = YES;
				CLANG_WARN_NON_LITERAL_NULL_CONVERSION = YES;
				CLANG_WARN_OBJC_IMPLICIT_RETAIN_SELF = YES;
				CLANG_WARN_OBJC_LITERAL_CONVERSION = YES;
				CLANG_WARN_OBJC_ROOT_CLASS = YES_ERROR;
				CLANG_WARN_QUOTED_INCLUDE_IN_FRAMEWORK_HEADER = YES;
				CLANG_WARN_RANGE_LOOP_ANALYSIS = YES;
				CLANG_WARN_STRICT_PROTOTYPES = YES;
				CLANG_WARN_SUSPICIOUS_MOVE = YES;
				CLANG_WARN_UNGUARDED_AVAILABILITY = YES_AGGRESSIVE;
				CLANG_WARN_UNREACHABLE_CODE = YES;
				CLANG_WARN__DUPLICATE_METHOD_MATCH = YES;
				COPY_PHASE_STRIP = NO;
				DEBUG_INFORMATION_FORMAT = "dwarf-with-dsym";
				ENABLE_NS_ASSERTIONS = NO;
				ENABLE_STRICT_OBJC_MSGSEND = YES;
				ENABLE_USER_SCRIPT_SANDBOXING = YES;
				GCC_C_LANGUAGE_STANDARD = gnu17;
				GCC_NO_COMMON_BLOCKS = YES;
				GCC_WARN_64_TO_32_BIT_CONVERSION = YES;
				GCC_WARN_ABOUT_RETURN_TYPE = YES_ERROR;
				GCC_WARN_UNDECLARED_SELECTOR = YES;
				GCC_WARN_UNINITIALIZED_AUTOS = YES_AGGRESSIVE;
				GCC_WARN_UNUSED_FUNCTION = YES;
				GCC_WARN_UNUSED_VARIABLE = YES;
				IPHONEOS_DEPLOYMENT_TARGET = 17.4;
				LOCALIZATION_PREFERS_STRING_CATALOGS = YES;
				MTL_ENABLE_DEBUG_INFO = NO;
				MTL_FAST_MATH = YES;
				SDKROOT = iphoneos;
				SWIFT_COMPILATION_MODE = wholemodule;
				VALIDATE_PRODUCT = YES;
			};
			name = Release;
		};
		2CBD4BEC2BA9C7410052CD7A /* Debug */ = {
			isa = XCBuildConfiguration;
			buildSettings = {
				ASSETCATALOG_COMPILER_APPICON_NAME = AppIcon;
				ASSETCATALOG_COMPILER_GLOBAL_ACCENT_COLOR_NAME = AccentColor;
				CODE_SIGN_STYLE = Automatic;
				CURRENT_PROJECT_VERSION = 1;
				GENERATE_INFOPLIST_FILE = YES;
				INFOPLIST_FILE = appRunClub/Info.plist;
				INFOPLIST_KEY_UIApplicationSupportsIndirectInputEvents = YES;
				INFOPLIST_KEY_UILaunchStoryboardName = LaunchScreen;
				INFOPLIST_KEY_UIMainStoryboardFile = Main;
				INFOPLIST_KEY_UISupportedInterfaceOrientations_iPad = "UIInterfaceOrientationPortrait UIInterfaceOrientationPortraitUpsideDown UIInterfaceOrientationLandscapeLeft UIInterfaceOrientationLandscapeRight";
				INFOPLIST_KEY_UISupportedInterfaceOrientations_iPhone = "UIInterfaceOrientationPortrait UIInterfaceOrientationLandscapeLeft UIInterfaceOrientationLandscapeRight";
				LD_RUNPATH_SEARCH_PATHS = (
					"$(inherited)",
					"@executable_path/Frameworks",
				);
				MARKETING_VERSION = 1.0;
				PRODUCT_BUNDLE_IDENTIFIER = com.your.nathalia.appRunClub;
				PRODUCT_NAME = "$(TARGET_NAME)";
				SWIFT_EMIT_LOC_STRINGS = YES;
				SWIFT_VERSION = 5.0;
				TARGETED_DEVICE_FAMILY = "1,2";
			};
			name = Debug;
		};
		2CBD4BED2BA9C7410052CD7A /* Release */ = {
			isa = XCBuildConfiguration;
			buildSettings = {
				ASSETCATALOG_COMPILER_APPICON_NAME = AppIcon;
				ASSETCATALOG_COMPILER_GLOBAL_ACCENT_COLOR_NAME = AccentColor;
				CODE_SIGN_STYLE = Automatic;
				CURRENT_PROJECT_VERSION = 1;
				GENERATE_INFOPLIST_FILE = YES;
				INFOPLIST_FILE = appRunClub/Info.plist;
				INFOPLIST_KEY_UIApplicationSupportsIndirectInputEvents = YES;
				INFOPLIST_KEY_UILaunchStoryboardName = LaunchScreen;
				INFOPLIST_KEY_UIMainStoryboardFile = Main;
				INFOPLIST_KEY_UISupportedInterfaceOrientations_iPad = "UIInterfaceOrientationPortrait UIInterfaceOrientationPortraitUpsideDown UIInterfaceOrientationLandscapeLeft UIInterfaceOrientationLandscapeRight";
				INFOPLIST_KEY_UISupportedInterfaceOrientations_iPhone = "UIInterfaceOrientationPortrait UIInterfaceOrientationLandscapeLeft UIInterfaceOrientationLandscapeRight";
				LD_RUNPATH_SEARCH_PATHS = (
					"$(inherited)",
					"@executable_path/Frameworks",
				);
				MARKETING_VERSION = 1.0;
				PRODUCT_BUNDLE_IDENTIFIER = com.your.nathalia.appRunClub;
				PRODUCT_NAME = "$(TARGET_NAME)";
				SWIFT_EMIT_LOC_STRINGS = YES;
				SWIFT_VERSION = 5.0;
				TARGETED_DEVICE_FAMILY = "1,2";
			};
			name = Release;
		};
/* End XCBuildConfiguration section */

/* Begin XCConfigurationList section */
		2CBD4BD22BA9C73F0052CD7A /* Build configuration list for PBXProject "appRunClub" */ = {
			isa = XCConfigurationList;
			buildConfigurations = (
				2CBD4BE92BA9C7410052CD7A /* Debug */,
				2CBD4BEA2BA9C7410052CD7A /* Release */,
			);
			defaultConfigurationIsVisible = 0;
			defaultConfigurationName = Release;
		};
		2CBD4BEB2BA9C7410052CD7A /* Build configuration list for PBXNativeTarget "appRunClub" */ = {
			isa = XCConfigurationList;
			buildConfigurations = (
				2CBD4BEC2BA9C7410052CD7A /* Debug */,
				2CBD4BED2BA9C7410052CD7A /* Release */,
			);
			defaultConfigurationIsVisible = 0;
			defaultConfigurationName = Release;
		};
/* End XCConfigurationList section */

/* Begin XCRemoteSwiftPackageReference section */
		2C61AA032BFCF2A80028BE55 /* XCRemoteSwiftPackageReference "GoogleSignIn-iOS" */ = {
			isa = XCRemoteSwiftPackageReference;
			repositoryURL = "https://github.com/google/GoogleSignIn-iOS";
			requirement = {
				kind = upToNextMajorVersion;
				minimumVersion = 7.1.0;
			};
		};
		C4B845382BF1C8C600CD954A /* XCRemoteSwiftPackageReference "firebase-ios-sdk" */ = {
			isa = XCRemoteSwiftPackageReference;
			repositoryURL = "https://github.com/firebase/firebase-ios-sdk";
			requirement = {
				kind = upToNextMajorVersion;
				minimumVersion = 10.25.0;
			};
		};
/* End XCRemoteSwiftPackageReference section */

/* Begin XCSwiftPackageProductDependency section */
		2C61AA042BFCF2A80028BE55 /* GoogleSignIn */ = {
			isa = XCSwiftPackageProductDependency;
			package = 2C61AA032BFCF2A80028BE55 /* XCRemoteSwiftPackageReference "GoogleSignIn-iOS" */;
			productName = GoogleSignIn;
		};
		2C61AA062BFCF2A80028BE55 /* GoogleSignInSwift */ = {
			isa = XCSwiftPackageProductDependency;
			package = 2C61AA032BFCF2A80028BE55 /* XCRemoteSwiftPackageReference "GoogleSignIn-iOS" */;
			productName = GoogleSignInSwift;
		};
		C4B845392BF1C8C700CD954A /* FirebaseAnalytics */ = {
			isa = XCSwiftPackageProductDependency;
			package = C4B845382BF1C8C600CD954A /* XCRemoteSwiftPackageReference "firebase-ios-sdk" */;
			productName = FirebaseAnalytics;
		};
		C4B8453B2BF1C8C700CD954A /* FirebaseAnalyticsOnDeviceConversion */ = {
			isa = XCSwiftPackageProductDependency;
			package = C4B845382BF1C8C600CD954A /* XCRemoteSwiftPackageReference "firebase-ios-sdk" */;
			productName = FirebaseAnalyticsOnDeviceConversion;
		};
		C4B8453D2BF1C8C700CD954A /* FirebaseAnalyticsSwift */ = {
			isa = XCSwiftPackageProductDependency;
			package = C4B845382BF1C8C600CD954A /* XCRemoteSwiftPackageReference "firebase-ios-sdk" */;
			productName = FirebaseAnalyticsSwift;
		};
		C4B8453F2BF1C8C700CD954A /* FirebaseAnalyticsWithoutAdIdSupport */ = {
			isa = XCSwiftPackageProductDependency;
			package = C4B845382BF1C8C600CD954A /* XCRemoteSwiftPackageReference "firebase-ios-sdk" */;
			productName = FirebaseAnalyticsWithoutAdIdSupport;
		};
		C4B845412BF1C8C700CD954A /* FirebaseAppCheck */ = {
			isa = XCSwiftPackageProductDependency;
			package = C4B845382BF1C8C600CD954A /* XCRemoteSwiftPackageReference "firebase-ios-sdk" */;
			productName = FirebaseAppCheck;
		};
		C4B845432BF1C8C700CD954A /* FirebaseAppDistribution-Beta */ = {
			isa = XCSwiftPackageProductDependency;
			package = C4B845382BF1C8C600CD954A /* XCRemoteSwiftPackageReference "firebase-ios-sdk" */;
			productName = "FirebaseAppDistribution-Beta";
		};
		C4B845452BF1C8C700CD954A /* FirebaseAuth */ = {
			isa = XCSwiftPackageProductDependency;
			package = C4B845382BF1C8C600CD954A /* XCRemoteSwiftPackageReference "firebase-ios-sdk" */;
			productName = FirebaseAuth;
		};
		C4B845472BF1C8C700CD954A /* FirebaseAuthCombine-Community */ = {
			isa = XCSwiftPackageProductDependency;
			package = C4B845382BF1C8C600CD954A /* XCRemoteSwiftPackageReference "firebase-ios-sdk" */;
			productName = "FirebaseAuthCombine-Community";
		};
		C4B845492BF1C8C700CD954A /* FirebaseCrashlytics */ = {
			isa = XCSwiftPackageProductDependency;
			package = C4B845382BF1C8C600CD954A /* XCRemoteSwiftPackageReference "firebase-ios-sdk" */;
			productName = FirebaseCrashlytics;
		};
		C4B8454B2BF1C8C700CD954A /* FirebaseDatabase */ = {
			isa = XCSwiftPackageProductDependency;
			package = C4B845382BF1C8C600CD954A /* XCRemoteSwiftPackageReference "firebase-ios-sdk" */;
			productName = FirebaseDatabase;
		};
		C4B8454D2BF1C8C700CD954A /* FirebaseDatabaseSwift */ = {
			isa = XCSwiftPackageProductDependency;
			package = C4B845382BF1C8C600CD954A /* XCRemoteSwiftPackageReference "firebase-ios-sdk" */;
			productName = FirebaseDatabaseSwift;
		};
		C4B8454F2BF1C8C700CD954A /* FirebaseDynamicLinks */ = {
			isa = XCSwiftPackageProductDependency;
			package = C4B845382BF1C8C600CD954A /* XCRemoteSwiftPackageReference "firebase-ios-sdk" */;
			productName = FirebaseDynamicLinks;
		};
		C4B845512BF1C8C700CD954A /* FirebaseFirestore */ = {
			isa = XCSwiftPackageProductDependency;
			package = C4B845382BF1C8C600CD954A /* XCRemoteSwiftPackageReference "firebase-ios-sdk" */;
			productName = FirebaseFirestore;
		};
		C4B845532BF1C8C700CD954A /* FirebaseFirestoreCombine-Community */ = {
			isa = XCSwiftPackageProductDependency;
			package = C4B845382BF1C8C600CD954A /* XCRemoteSwiftPackageReference "firebase-ios-sdk" */;
			productName = "FirebaseFirestoreCombine-Community";
		};
		C4B845552BF1C8C700CD954A /* FirebaseFirestoreSwift */ = {
			isa = XCSwiftPackageProductDependency;
			package = C4B845382BF1C8C600CD954A /* XCRemoteSwiftPackageReference "firebase-ios-sdk" */;
			productName = FirebaseFirestoreSwift;
		};
		C4B845572BF1C8C700CD954A /* FirebaseFunctions */ = {
			isa = XCSwiftPackageProductDependency;
			package = C4B845382BF1C8C600CD954A /* XCRemoteSwiftPackageReference "firebase-ios-sdk" */;
			productName = FirebaseFunctions;
		};
		C4B845592BF1C8C700CD954A /* FirebaseFunctionsCombine-Community */ = {
			isa = XCSwiftPackageProductDependency;
			package = C4B845382BF1C8C600CD954A /* XCRemoteSwiftPackageReference "firebase-ios-sdk" */;
			productName = "FirebaseFunctionsCombine-Community";
		};
		C4B8455B2BF1C8C700CD954A /* FirebaseInAppMessaging-Beta */ = {
			isa = XCSwiftPackageProductDependency;
			package = C4B845382BF1C8C600CD954A /* XCRemoteSwiftPackageReference "firebase-ios-sdk" */;
			productName = "FirebaseInAppMessaging-Beta";
		};
		C4B8455D2BF1C8C700CD954A /* FirebaseInAppMessagingSwift-Beta */ = {
			isa = XCSwiftPackageProductDependency;
			package = C4B845382BF1C8C600CD954A /* XCRemoteSwiftPackageReference "firebase-ios-sdk" */;
			productName = "FirebaseInAppMessagingSwift-Beta";
		};
		C4B8455F2BF1C8C700CD954A /* FirebaseInstallations */ = {
			isa = XCSwiftPackageProductDependency;
			package = C4B845382BF1C8C600CD954A /* XCRemoteSwiftPackageReference "firebase-ios-sdk" */;
			productName = FirebaseInstallations;
		};
		C4B845612BF1C8C700CD954A /* FirebaseMLModelDownloader */ = {
			isa = XCSwiftPackageProductDependency;
			package = C4B845382BF1C8C600CD954A /* XCRemoteSwiftPackageReference "firebase-ios-sdk" */;
			productName = FirebaseMLModelDownloader;
		};
		C4B845632BF1C8C700CD954A /* FirebaseMessaging */ = {
			isa = XCSwiftPackageProductDependency;
			package = C4B845382BF1C8C600CD954A /* XCRemoteSwiftPackageReference "firebase-ios-sdk" */;
			productName = FirebaseMessaging;
		};
		C4B845652BF1C8C700CD954A /* FirebasePerformance */ = {
			isa = XCSwiftPackageProductDependency;
			package = C4B845382BF1C8C600CD954A /* XCRemoteSwiftPackageReference "firebase-ios-sdk" */;
			productName = FirebasePerformance;
		};
		C4B845672BF1C8C700CD954A /* FirebaseRemoteConfig */ = {
			isa = XCSwiftPackageProductDependency;
			package = C4B845382BF1C8C600CD954A /* XCRemoteSwiftPackageReference "firebase-ios-sdk" */;
			productName = FirebaseRemoteConfig;
		};
		C4B845692BF1C8C700CD954A /* FirebaseRemoteConfigSwift */ = {
			isa = XCSwiftPackageProductDependency;
			package = C4B845382BF1C8C600CD954A /* XCRemoteSwiftPackageReference "firebase-ios-sdk" */;
			productName = FirebaseRemoteConfigSwift;
		};
		C4B8456B2BF1C8C700CD954A /* FirebaseStorage */ = {
			isa = XCSwiftPackageProductDependency;
			package = C4B845382BF1C8C600CD954A /* XCRemoteSwiftPackageReference "firebase-ios-sdk" */;
			productName = FirebaseStorage;
		};
		C4B8456D2BF1C8C700CD954A /* FirebaseStorageCombine-Community */ = {
			isa = XCSwiftPackageProductDependency;
			package = C4B845382BF1C8C600CD954A /* XCRemoteSwiftPackageReference "firebase-ios-sdk" */;
			productName = "FirebaseStorageCombine-Community";
		};
/* End XCSwiftPackageProductDependency section */
	};
	rootObject = 2CBD4BCF2BA9C73F0052CD7A /* Project object */;
}
